PODS:
  - Differentiator (3.1.0)
  - "NSObject+Rx (4.4.1)":
    - RxSwift (~> 4.3)
  - RxBlocking (4.5.0):
    - RxSwift (>= 4.4.2, ~> 4.4)
  - RxCocoa (4.5.0):
    - RxSwift (>= 4.4.2, ~> 4.4)
  - RxDataSources (3.1.0):
    - Differentiator (~> 3.0)
    - RxCocoa (~> 4.0)
    - RxSwift (~> 4.0)
  - RxSwift (4.5.0)
  - RxTest (4.5.0):
    - RxSwift (>= 4.4.2, ~> 4.4)
  - Shimmer (1.0.2)

DEPENDENCIES:
  - "NSObject+Rx (~> 4.1)"
  - RxBlocking (~> 4.0)
  - RxCocoa (~> 4.0)
  - RxDataSources (~> 3.0)
  - RxSwift (~> 4.0)
  - RxTest (~> 4.0)
  - Shimmer

SPEC REPOS:
  https://github.com/CocoaPods/Specs.git:
    - Differentiator
    - "NSObject+Rx"
    - RxBlocking
    - RxCocoa
    - RxDataSources
    - RxSwift
    - RxTest
  trunk:
    - Shimmer

SPEC CHECKSUMS:
  Differentiator: be49ca3408f0ecfc761e4c7763d20c62be01b9ad
  "NSObject+Rx": 9884a92f19b610795c431e10b4e601913b59c9e9
  RxBlocking: 79413e4d916f44bb3e113c5b2cc059e36fe58910
  RxCocoa: cbf70265dc65a981d4ac982e513c10cf23df24a0
  RxDataSources: a843bad90c29817f5923ec8163f4af2de084ceb3
  RxSwift: f172070dfd1a93d70a9ab97a5a01166206e1c575
  RxTest: 3ccb66bfbace0bf7df1c43a7c75d046f8ce60372
  Shimmer: c5374be1c2b0c9e292fb05b339a513cf291cac86

PODFILE CHECKSUM: 59d337b2807e9915237624e3c14d5c3c7ae03fb8

COCOAPODS: 1.8.4
