// !$*UTF8*$!
{
	archiveVersion = 1;
	classes = {
	};
	objectVersion = 51;
	objects = {

/* Begin PBXBuildFile section */
		280615582390C18D00B013F6 /* FactModelMockable.swift in Sources */ = {isa = PBXBuildFile; fileRef = 280615572390C18D00B013F6 /* FactModelMockable.swift */; };
		287124B122EE85E700125BBD /* Localizable.strings in Resources */ = {isa = PBXBuildFile; fileRef = 287124B322EE85E700125BBD /* Localizable.strings */; };
		287F36FB2392115600D8FC20 /* ChuckNorrisAPIStub.swift in Sources */ = {isa = PBXBuildFile; fileRef = 287F36FA2392115600D8FC20 /* ChuckNorrisAPIStub.swift */; };
		287F36FD2392128700D8FC20 /* CoordinatorStub.swift in Sources */ = {isa = PBXBuildFile; fileRef = 287F36FC2392128700D8FC20 /* CoordinatorStub.swift */; };
		287F3700239217B500D8FC20 /* Equatables.swift in Sources */ = {isa = PBXBuildFile; fileRef = 287F36FF239217B500D8FC20 /* Equatables.swift */; };
		287F370223922E9E00D8FC20 /* BindingViewModelType.swift in Sources */ = {isa = PBXBuildFile; fileRef = 287F370123922E9E00D8FC20 /* BindingViewModelType.swift */; };
		28913C7923973AC0005473F2 /* OpenSans-Semibold.ttf in Resources */ = {isa = PBXBuildFile; fileRef = 28913C6E23973AC0005473F2 /* OpenSans-Semibold.ttf */; };
		28913C7A23973AC0005473F2 /* OpenSans-Light.ttf in Resources */ = {isa = PBXBuildFile; fileRef = 28913C6F23973AC0005473F2 /* OpenSans-Light.ttf */; };
		28913C7B23973AC0005473F2 /* OpenSans-Italic.ttf in Resources */ = {isa = PBXBuildFile; fileRef = 28913C7023973AC0005473F2 /* OpenSans-Italic.ttf */; };
		28913C7C23973AC0005473F2 /* Apache License.txt in Resources */ = {isa = PBXBuildFile; fileRef = 28913C7123973AC0005473F2 /* Apache License.txt */; };
		28913C7D23973AC0005473F2 /* OpenSans-ExtraBold.ttf in Resources */ = {isa = PBXBuildFile; fileRef = 28913C7223973AC0005473F2 /* OpenSans-ExtraBold.ttf */; };
		28913C7E23973AC0005473F2 /* OpenSans-LightItalic.ttf in Resources */ = {isa = PBXBuildFile; fileRef = 28913C7323973AC0005473F2 /* OpenSans-LightItalic.ttf */; };
		28913C7F23973AC0005473F2 /* OpenSans-Bold.ttf in Resources */ = {isa = PBXBuildFile; fileRef = 28913C7423973AC0005473F2 /* OpenSans-Bold.ttf */; };
		28913C8023973AC0005473F2 /* OpenSans-SemiboldItalic.ttf in Resources */ = {isa = PBXBuildFile; fileRef = 28913C7523973AC0005473F2 /* OpenSans-SemiboldItalic.ttf */; };
		28913C8123973AC0005473F2 /* OpenSans-ExtraBoldItalic.ttf in Resources */ = {isa = PBXBuildFile; fileRef = 28913C7623973AC0005473F2 /* OpenSans-ExtraBoldItalic.ttf */; };
		28913C8223973AC0005473F2 /* OpenSans-Regular.ttf in Resources */ = {isa = PBXBuildFile; fileRef = 28913C7723973AC0005473F2 /* OpenSans-Regular.ttf */; };
		28913C8323973AC0005473F2 /* OpenSans-BoldItalic.ttf in Resources */ = {isa = PBXBuildFile; fileRef = 28913C7823973AC0005473F2 /* OpenSans-BoldItalic.ttf */; };
		28913C8523973DB5005473F2 /* OpenSansFont.swift in Sources */ = {isa = PBXBuildFile; fileRef = 28913C8423973DB5005473F2 /* OpenSansFont.swift */; };
		28913C8623974430005473F2 /* ErrorFactCollectionViewCell.xib in Resources */ = {isa = PBXBuildFile; fileRef = 28913C8823974430005473F2 /* ErrorFactCollectionViewCell.xib */; };
		28913C9123974B20005473F2 /* BaseFactCell.swift in Sources */ = {isa = PBXBuildFile; fileRef = 28913C9023974B20005473F2 /* BaseFactCell.swift */; };
		2899C4A222E928D100D6191B /* AppDelegate.swift in Sources */ = {isa = PBXBuildFile; fileRef = 2899C4A122E928D100D6191B /* AppDelegate.swift */; };
		2899C4A922E928D600D6191B /* Assets.xcassets in Resources */ = {isa = PBXBuildFile; fileRef = 2899C4A822E928D600D6191B /* Assets.xcassets */; };
		2899C4AC22E928D600D6191B /* LaunchScreen.storyboard in Resources */ = {isa = PBXBuildFile; fileRef = 2899C4AA22E928D600D6191B /* LaunchScreen.storyboard */; };
		2899C4B722E928D600D6191B /* FactCellViewModelTests.swift in Sources */ = {isa = PBXBuildFile; fileRef = 2899C4B622E928D600D6191B /* FactCellViewModelTests.swift */; };
		2899C4C222E928D700D6191B /* DesafioStoneUITests.swift in Sources */ = {isa = PBXBuildFile; fileRef = 2899C4C122E928D700D6191B /* DesafioStoneUITests.swift */; };
		2899C4D522E92B5D00D6191B /* Scene.swift in Sources */ = {isa = PBXBuildFile; fileRef = 2899C4D422E92B5D00D6191B /* Scene.swift */; };
		2899C4D722E92BEA00D6191B /* SceneTransitionType.swift in Sources */ = {isa = PBXBuildFile; fileRef = 2899C4D622E92BEA00D6191B /* SceneTransitionType.swift */; };
		2899C4DD22E92D4F00D6191B /* Release.xcconfig in Resources */ = {isa = PBXBuildFile; fileRef = 2899C4DC22E92D4F00D6191B /* Release.xcconfig */; };
		2899C4F022E9328C00D6191B /* InfoPlist.strings in Resources */ = {isa = PBXBuildFile; fileRef = 2899C4F222E9328C00D6191B /* InfoPlist.strings */; };
		2899C4F522E9369700D6191B /* Debug.xcconfig in Resources */ = {isa = PBXBuildFile; fileRef = 2899C4F422E9369200D6191B /* Debug.xcconfig */; };
		2899C4F722E936B200D6191B /* Staging.xcconfig in Resources */ = {isa = PBXBuildFile; fileRef = 2899C4F622E936B200D6191B /* Staging.xcconfig */; };
		2899C4FC22E9386D00D6191B /* AppCoordinator.swift in Sources */ = {isa = PBXBuildFile; fileRef = 2899C4FB22E9386D00D6191B /* AppCoordinator.swift */; };
		2899C4FE22E938B700D6191B /* CoordinatorType.swift in Sources */ = {isa = PBXBuildFile; fileRef = 2899C4FD22E938B700D6191B /* CoordinatorType.swift */; };
		2899C50022E93B9900D6191B /* FactsViewModel.swift in Sources */ = {isa = PBXBuildFile; fileRef = 2899C4FF22E93B9900D6191B /* FactsViewModel.swift */; };
		2899C50322E93F2700D6191B /* UIViewController+Custom.swift in Sources */ = {isa = PBXBuildFile; fileRef = 2899C50222E93F2700D6191B /* UIViewController+Custom.swift */; };
		2899C51B22E94D4B00D6191B /* FactsViewController.swift in Sources */ = {isa = PBXBuildFile; fileRef = 2899C51922E94D4B00D6191B /* FactsViewController.swift */; };
		2899C51C22E94D4B00D6191B /* FactsViewController.xib in Resources */ = {isa = PBXBuildFile; fileRef = 2899C51A22E94D4B00D6191B /* FactsViewController.xib */; };
		2899C51E22E9514400D6191B /* BindableType.swift in Sources */ = {isa = PBXBuildFile; fileRef = 2899C51D22E9514400D6191B /* BindableType.swift */; };
		2899C52022E9536200D6191B /* UINavigationController+Rx.swift in Sources */ = {isa = PBXBuildFile; fileRef = 2899C51F22E9536200D6191B /* UINavigationController+Rx.swift */; };
		2899C52622E95CE400D6191B /* AppConfiguration.swift in Sources */ = {isa = PBXBuildFile; fileRef = 2899C52522E95CE400D6191B /* AppConfiguration.swift */; };
		2899C52822E95DA000D6191B /* ChuckNorrisAPI.swift in Sources */ = {isa = PBXBuildFile; fileRef = 2899C52722E95DA000D6191B /* ChuckNorrisAPI.swift */; };
		289A8B5C22EE7DB3008C847C /* StringText.swift in Sources */ = {isa = PBXBuildFile; fileRef = 289A8B5B22EE7DB3008C847C /* StringText.swift */; };
		289CEB6422EA796C00112AE0 /* FactCollectionViewCell.swift in Sources */ = {isa = PBXBuildFile; fileRef = 289CEB6222EA796C00112AE0 /* FactCollectionViewCell.swift */; };
		289CEB6522EA796C00112AE0 /* FactCollectionViewCell.xib in Resources */ = {isa = PBXBuildFile; fileRef = 289CEB6322EA796C00112AE0 /* FactCollectionViewCell.xib */; };
		289CEB6722EAAC6300112AE0 /* URLSession+Rx.swift in Sources */ = {isa = PBXBuildFile; fileRef = 289CEB6622EAAC6200112AE0 /* URLSession+Rx.swift */; };
		28A63D4422EB0AD1002A9186 /* CategoryModel.swift in Sources */ = {isa = PBXBuildFile; fileRef = 28A63D4322EB0AD1002A9186 /* CategoryModel.swift */; };
		28A63D4622EB9E88002A9186 /* FactModel.swift in Sources */ = {isa = PBXBuildFile; fileRef = 28A63D4522EB9E88002A9186 /* FactModel.swift */; };
		28A63D4822EBA1C0002A9186 /* ChuckNorrisAPIType.swift in Sources */ = {isa = PBXBuildFile; fileRef = 28A63D4722EBA1C0002A9186 /* ChuckNorrisAPIType.swift */; };
		2CA5F4CE6D5A0CFD76E424E4 /* Pods_DesafioStone.framework in Frameworks */ = {isa = PBXBuildFile; fileRef = 4C2157A60038E01ED127F2B3 /* Pods_DesafioStone.framework */; };
		68AAA0508483B85151454553 /* Pods_DesafioStoneUITests.framework in Frameworks */ = {isa = PBXBuildFile; fileRef = 79CC21A1D9FE0613E4C984A7 /* Pods_DesafioStoneUITests.framework */; };
		BA756740246C629722172C87 /* Pods_DesafioStoneTests.framework in Frameworks */ = {isa = PBXBuildFile; fileRef = 0548C102B9250839FE7DE9B5 /* Pods_DesafioStoneTests.framework */; };
		D81EE68323904DA90000A214 /* ErrorFactCollectionViewCell.swift in Sources */ = {isa = PBXBuildFile; fileRef = D81EE68123904DA90000A214 /* ErrorFactCollectionViewCell.swift */; };
		D81EE68823904E0D0000A214 /* EmptyFactCollectionViewCell.swift in Sources */ = {isa = PBXBuildFile; fileRef = D81EE68623904E0D0000A214 /* EmptyFactCollectionViewCell.swift */; };
		D81EE68923904E0D0000A214 /* EmptyFactCollectionViewCell.xib in Resources */ = {isa = PBXBuildFile; fileRef = D81EE68723904E0D0000A214 /* EmptyFactCollectionViewCell.xib */; };
		D823676123B0EB7400A31F5C /* SearchFactsViewModel.swift in Sources */ = {isa = PBXBuildFile; fileRef = D823676023B0EB7400A31F5C /* SearchFactsViewModel.swift */; };
		D823676423B0F17C00A31F5C /* SearchFactsViewModelTests.swift in Sources */ = {isa = PBXBuildFile; fileRef = D823676323B0F17C00A31F5C /* SearchFactsViewModelTests.swift */; };
		D8372A8C23B0F84400D1275A /* SearchFactsViewController.swift in Sources */ = {isa = PBXBuildFile; fileRef = D8372A8B23B0F84400D1275A /* SearchFactsViewController.swift */; };
		D83C2B4323D7B361000EF513 /* BaseAPI.swift in Sources */ = {isa = PBXBuildFile; fileRef = D83C2B4223D7B361000EF513 /* BaseAPI.swift */; };
		D87B2D2E23B1517600685E81 /* SuggestionFactsCollectionViewCell.swift in Sources */ = {isa = PBXBuildFile; fileRef = D87B2D2D23B1517600685E81 /* SuggestionFactsCollectionViewCell.swift */; };
		D87B2D3023B15AFB00685E81 /* UIColor+Hex.swift in Sources */ = {isa = PBXBuildFile; fileRef = D87B2D2F23B15AFB00685E81 /* UIColor+Hex.swift */; };
		D87B2D3323B15DF200685E81 /* SuggestionView.swift in Sources */ = {isa = PBXBuildFile; fileRef = D87B2D3223B15DF200685E81 /* SuggestionView.swift */; };
		D884C25323A40B6000CEE022 /* Scene+CustomTest.swift in Sources */ = {isa = PBXBuildFile; fileRef = D884C25223A40B6000CEE022 /* Scene+CustomTest.swift */; };
		D88DA5BF239171BA00458240 /* RxTest.framework in Frameworks */ = {isa = PBXBuildFile; fileRef = D88DA5BE239171BA00458240 /* RxTest.framework */; };
		D8C5E84023D8C0C000F837E4 /* DesafioStone.xcdatamodeld in Sources */ = {isa = PBXBuildFile; fileRef = D8C5E83E23D8C0BF00F837E4 /* DesafioStone.xcdatamodeld */; };
		D8C5E84923D8C6FC00F837E4 /* CoreDataStack.swift in Sources */ = {isa = PBXBuildFile; fileRef = D8C5E84823D8C6FC00F837E4 /* CoreDataStack.swift */; };
		D8C5E84B23D8C98F00F837E4 /* LastSearchCoreDataType.swift in Sources */ = {isa = PBXBuildFile; fileRef = D8C5E84A23D8C98F00F837E4 /* LastSearchCoreDataType.swift */; };
		D8C5E85023D8CA5D00F837E4 /* LastSearchCoreData.swift in Sources */ = {isa = PBXBuildFile; fileRef = D8C5E84F23D8CA5D00F837E4 /* LastSearchCoreData.swift */; };
		D8D1155E23D3F4AD009EC3B6 /* PastSearchTableViewCell.swift in Sources */ = {isa = PBXBuildFile; fileRef = D8D1155D23D3F4AD009EC3B6 /* PastSearchTableViewCell.swift */; };
		D8D388B023CFCC18005E156A /* PastSearchesView.swift in Sources */ = {isa = PBXBuildFile; fileRef = D8D388AF23CFCC18005E156A /* PastSearchesView.swift */; };
/* End PBXBuildFile section */

/* Begin PBXContainerItemProxy section */
		2899C4B322E928D600D6191B /* PBXContainerItemProxy */ = {
			isa = PBXContainerItemProxy;
			containerPortal = 2899C49622E928D100D6191B /* Project object */;
			proxyType = 1;
			remoteGlobalIDString = 2899C49D22E928D100D6191B;
			remoteInfo = DesafioStone;
		};
		2899C4BE22E928D700D6191B /* PBXContainerItemProxy */ = {
			isa = PBXContainerItemProxy;
			containerPortal = 2899C49622E928D100D6191B /* Project object */;
			proxyType = 1;
			remoteGlobalIDString = 2899C49D22E928D100D6191B;
			remoteInfo = DesafioStone;
		};
/* End PBXContainerItemProxy section */

/* Begin PBXFileReference section */
		0548C102B9250839FE7DE9B5 /* Pods_DesafioStoneTests.framework */ = {isa = PBXFileReference; explicitFileType = wrapper.framework; includeInIndex = 0; path = Pods_DesafioStoneTests.framework; sourceTree = BUILT_PRODUCTS_DIR; };
		280615572390C18D00B013F6 /* FactModelMockable.swift */ = {isa = PBXFileReference; lastKnownFileType = sourcecode.swift; path = FactModelMockable.swift; sourceTree = "<group>"; };
		287124B422EE85E900125BBD /* pt-BR */ = {isa = PBXFileReference; lastKnownFileType = text.plist.strings; name = "pt-BR"; path = "pt-BR.lproj/Localizable.strings"; sourceTree = "<group>"; };
		287F36FA2392115600D8FC20 /* ChuckNorrisAPIStub.swift */ = {isa = PBXFileReference; lastKnownFileType = sourcecode.swift; path = ChuckNorrisAPIStub.swift; sourceTree = "<group>"; };
		287F36FC2392128700D8FC20 /* CoordinatorStub.swift */ = {isa = PBXFileReference; lastKnownFileType = sourcecode.swift; path = CoordinatorStub.swift; sourceTree = "<group>"; };
		287F36FF239217B500D8FC20 /* Equatables.swift */ = {isa = PBXFileReference; lastKnownFileType = sourcecode.swift; path = Equatables.swift; sourceTree = "<group>"; };
		287F370123922E9E00D8FC20 /* BindingViewModelType.swift */ = {isa = PBXFileReference; lastKnownFileType = sourcecode.swift; path = BindingViewModelType.swift; sourceTree = "<group>"; };
		28913C6E23973AC0005473F2 /* OpenSans-Semibold.ttf */ = {isa = PBXFileReference; lastKnownFileType = file; path = "OpenSans-Semibold.ttf"; sourceTree = "<group>"; };
		28913C6F23973AC0005473F2 /* OpenSans-Light.ttf */ = {isa = PBXFileReference; lastKnownFileType = file; path = "OpenSans-Light.ttf"; sourceTree = "<group>"; };
		28913C7023973AC0005473F2 /* OpenSans-Italic.ttf */ = {isa = PBXFileReference; lastKnownFileType = file; path = "OpenSans-Italic.ttf"; sourceTree = "<group>"; };
		28913C7123973AC0005473F2 /* Apache License.txt */ = {isa = PBXFileReference; fileEncoding = 4; lastKnownFileType = text; path = "Apache License.txt"; sourceTree = "<group>"; };
		28913C7223973AC0005473F2 /* OpenSans-ExtraBold.ttf */ = {isa = PBXFileReference; lastKnownFileType = file; path = "OpenSans-ExtraBold.ttf"; sourceTree = "<group>"; };
		28913C7323973AC0005473F2 /* OpenSans-LightItalic.ttf */ = {isa = PBXFileReference; lastKnownFileType = file; path = "OpenSans-LightItalic.ttf"; sourceTree = "<group>"; };
		28913C7423973AC0005473F2 /* OpenSans-Bold.ttf */ = {isa = PBXFileReference; lastKnownFileType = file; path = "OpenSans-Bold.ttf"; sourceTree = "<group>"; };
		28913C7523973AC0005473F2 /* OpenSans-SemiboldItalic.ttf */ = {isa = PBXFileReference; lastKnownFileType = file; path = "OpenSans-SemiboldItalic.ttf"; sourceTree = "<group>"; };
		28913C7623973AC0005473F2 /* OpenSans-ExtraBoldItalic.ttf */ = {isa = PBXFileReference; lastKnownFileType = file; path = "OpenSans-ExtraBoldItalic.ttf"; sourceTree = "<group>"; };
		28913C7723973AC0005473F2 /* OpenSans-Regular.ttf */ = {isa = PBXFileReference; lastKnownFileType = file; path = "OpenSans-Regular.ttf"; sourceTree = "<group>"; };
		28913C7823973AC0005473F2 /* OpenSans-BoldItalic.ttf */ = {isa = PBXFileReference; lastKnownFileType = file; path = "OpenSans-BoldItalic.ttf"; sourceTree = "<group>"; };
		28913C8423973DB5005473F2 /* OpenSansFont.swift */ = {isa = PBXFileReference; lastKnownFileType = sourcecode.swift; path = OpenSansFont.swift; sourceTree = "<group>"; };
		28913C8723974430005473F2 /* Base */ = {isa = PBXFileReference; lastKnownFileType = file.xib; name = Base; path = Base.lproj/ErrorFactCollectionViewCell.xib; sourceTree = "<group>"; };
		28913C8A23974437005473F2 /* en */ = {isa = PBXFileReference; lastKnownFileType = text.plist.strings; name = en; path = en.lproj/ErrorFactCollectionViewCell.strings; sourceTree = "<group>"; };
		28913C8E23974469005473F2 /* pt-BR */ = {isa = PBXFileReference; lastKnownFileType = text.plist.strings; name = "pt-BR"; path = "pt-BR.lproj/ErrorFactCollectionViewCell.strings"; sourceTree = "<group>"; };
		28913C9023974B20005473F2 /* BaseFactCell.swift */ = {isa = PBXFileReference; lastKnownFileType = sourcecode.swift; path = BaseFactCell.swift; sourceTree = "<group>"; };
		2899C49E22E928D100D6191B /* DesafioStone.app */ = {isa = PBXFileReference; explicitFileType = wrapper.application; includeInIndex = 0; path = DesafioStone.app; sourceTree = BUILT_PRODUCTS_DIR; };
		2899C4A122E928D100D6191B /* AppDelegate.swift */ = {isa = PBXFileReference; lastKnownFileType = sourcecode.swift; path = AppDelegate.swift; sourceTree = "<group>"; };
		2899C4A822E928D600D6191B /* Assets.xcassets */ = {isa = PBXFileReference; lastKnownFileType = folder.assetcatalog; path = Assets.xcassets; sourceTree = "<group>"; };
		2899C4AB22E928D600D6191B /* Base */ = {isa = PBXFileReference; lastKnownFileType = file.storyboard; name = Base; path = Base.lproj/LaunchScreen.storyboard; sourceTree = "<group>"; };
		2899C4B222E928D600D6191B /* DesafioStoneTests.xctest */ = {isa = PBXFileReference; explicitFileType = wrapper.cfbundle; includeInIndex = 0; path = DesafioStoneTests.xctest; sourceTree = BUILT_PRODUCTS_DIR; };
		2899C4B622E928D600D6191B /* FactCellViewModelTests.swift */ = {isa = PBXFileReference; lastKnownFileType = sourcecode.swift; path = FactCellViewModelTests.swift; sourceTree = "<group>"; };
		2899C4B822E928D600D6191B /* Info.plist */ = {isa = PBXFileReference; lastKnownFileType = text.plist.xml; path = Info.plist; sourceTree = "<group>"; };
		2899C4BD22E928D700D6191B /* DesafioStoneUITests.xctest */ = {isa = PBXFileReference; explicitFileType = wrapper.cfbundle; includeInIndex = 0; path = DesafioStoneUITests.xctest; sourceTree = BUILT_PRODUCTS_DIR; };
		2899C4C122E928D700D6191B /* DesafioStoneUITests.swift */ = {isa = PBXFileReference; lastKnownFileType = sourcecode.swift; path = DesafioStoneUITests.swift; sourceTree = "<group>"; };
		2899C4C322E928D700D6191B /* Info.plist */ = {isa = PBXFileReference; lastKnownFileType = text.plist.xml; path = Info.plist; sourceTree = "<group>"; };
		2899C4D422E92B5D00D6191B /* Scene.swift */ = {isa = PBXFileReference; lastKnownFileType = sourcecode.swift; path = Scene.swift; sourceTree = "<group>"; };
		2899C4D622E92BEA00D6191B /* SceneTransitionType.swift */ = {isa = PBXFileReference; lastKnownFileType = sourcecode.swift; path = SceneTransitionType.swift; sourceTree = "<group>"; };
		2899C4DC22E92D4F00D6191B /* Release.xcconfig */ = {isa = PBXFileReference; lastKnownFileType = text.xcconfig; path = Release.xcconfig; sourceTree = "<group>"; };
		2899C4E722E9318700D6191B /* pt-BR */ = {isa = PBXFileReference; lastKnownFileType = text.plist.strings; name = "pt-BR"; path = "pt-BR.lproj/LaunchScreen.strings"; sourceTree = "<group>"; };
		2899C4F122E9328C00D6191B /* en */ = {isa = PBXFileReference; lastKnownFileType = text.plist.strings; name = en; path = en.lproj/InfoPlist.strings; sourceTree = "<group>"; };
		2899C4F322E9328E00D6191B /* pt-BR */ = {isa = PBXFileReference; lastKnownFileType = text.plist.strings; name = "pt-BR"; path = "pt-BR.lproj/InfoPlist.strings"; sourceTree = "<group>"; };
		2899C4F422E9369200D6191B /* Debug.xcconfig */ = {isa = PBXFileReference; lastKnownFileType = text.xcconfig; path = Debug.xcconfig; sourceTree = "<group>"; };
		2899C4F622E936B200D6191B /* Staging.xcconfig */ = {isa = PBXFileReference; lastKnownFileType = text.xcconfig; path = Staging.xcconfig; sourceTree = "<group>"; };
		2899C4FB22E9386D00D6191B /* AppCoordinator.swift */ = {isa = PBXFileReference; lastKnownFileType = sourcecode.swift; path = AppCoordinator.swift; sourceTree = "<group>"; };
		2899C4FD22E938B700D6191B /* CoordinatorType.swift */ = {isa = PBXFileReference; lastKnownFileType = sourcecode.swift; path = CoordinatorType.swift; sourceTree = "<group>"; };
		2899C4FF22E93B9900D6191B /* FactsViewModel.swift */ = {isa = PBXFileReference; lastKnownFileType = sourcecode.swift; path = FactsViewModel.swift; sourceTree = "<group>"; };
		2899C50222E93F2700D6191B /* UIViewController+Custom.swift */ = {isa = PBXFileReference; lastKnownFileType = sourcecode.swift; path = "UIViewController+Custom.swift"; sourceTree = "<group>"; };
		2899C51322E9436A00D6191B /* Info.plist */ = {isa = PBXFileReference; fileEncoding = 4; lastKnownFileType = text.plist.xml; path = Info.plist; sourceTree = "<group>"; };
		2899C51522E945CB00D6191B /* DesafioStone-Bridging-Header.h */ = {isa = PBXFileReference; lastKnownFileType = sourcecode.c.h; path = "DesafioStone-Bridging-Header.h"; sourceTree = "<group>"; };
		2899C51922E94D4B00D6191B /* FactsViewController.swift */ = {isa = PBXFileReference; lastKnownFileType = sourcecode.swift; path = FactsViewController.swift; sourceTree = "<group>"; };
		2899C51A22E94D4B00D6191B /* FactsViewController.xib */ = {isa = PBXFileReference; lastKnownFileType = file.xib; path = FactsViewController.xib; sourceTree = "<group>"; };
		2899C51D22E9514400D6191B /* BindableType.swift */ = {isa = PBXFileReference; lastKnownFileType = sourcecode.swift; path = BindableType.swift; sourceTree = "<group>"; };
		2899C51F22E9536200D6191B /* UINavigationController+Rx.swift */ = {isa = PBXFileReference; lastKnownFileType = sourcecode.swift; path = "UINavigationController+Rx.swift"; sourceTree = "<group>"; };
		2899C52122E9556D00D6191B /* README.md */ = {isa = PBXFileReference; lastKnownFileType = net.daringfireball.markdown; path = README.md; sourceTree = "<group>"; };
		2899C52522E95CE400D6191B /* AppConfiguration.swift */ = {isa = PBXFileReference; lastKnownFileType = sourcecode.swift; path = AppConfiguration.swift; sourceTree = "<group>"; };
		2899C52722E95DA000D6191B /* ChuckNorrisAPI.swift */ = {isa = PBXFileReference; lastKnownFileType = sourcecode.swift; path = ChuckNorrisAPI.swift; sourceTree = "<group>"; };
		289A8B5B22EE7DB3008C847C /* StringText.swift */ = {isa = PBXFileReference; lastKnownFileType = sourcecode.swift; path = StringText.swift; sourceTree = "<group>"; };
		289CEB6222EA796C00112AE0 /* FactCollectionViewCell.swift */ = {isa = PBXFileReference; lastKnownFileType = sourcecode.swift; path = FactCollectionViewCell.swift; sourceTree = "<group>"; };
		289CEB6322EA796C00112AE0 /* FactCollectionViewCell.xib */ = {isa = PBXFileReference; lastKnownFileType = file.xib; path = FactCollectionViewCell.xib; sourceTree = "<group>"; };
		289CEB6622EAAC6200112AE0 /* URLSession+Rx.swift */ = {isa = PBXFileReference; fileEncoding = 4; lastKnownFileType = sourcecode.swift; path = "URLSession+Rx.swift"; sourceTree = "<group>"; };
		28A63D4322EB0AD1002A9186 /* CategoryModel.swift */ = {isa = PBXFileReference; lastKnownFileType = sourcecode.swift; path = CategoryModel.swift; sourceTree = "<group>"; };
		28A63D4522EB9E88002A9186 /* FactModel.swift */ = {isa = PBXFileReference; lastKnownFileType = sourcecode.swift; path = FactModel.swift; sourceTree = "<group>"; };
		28A63D4722EBA1C0002A9186 /* ChuckNorrisAPIType.swift */ = {isa = PBXFileReference; lastKnownFileType = sourcecode.swift; path = ChuckNorrisAPIType.swift; sourceTree = "<group>"; };
		2ABD987133942BF2F46EB16A /* Pods-DesafioStoneTests.release.xcconfig */ = {isa = PBXFileReference; includeInIndex = 1; lastKnownFileType = text.xcconfig; name = "Pods-DesafioStoneTests.release.xcconfig"; path = "Target Support Files/Pods-DesafioStoneTests/Pods-DesafioStoneTests.release.xcconfig"; sourceTree = "<group>"; };
		4C2157A60038E01ED127F2B3 /* Pods_DesafioStone.framework */ = {isa = PBXFileReference; explicitFileType = wrapper.framework; includeInIndex = 0; path = Pods_DesafioStone.framework; sourceTree = BUILT_PRODUCTS_DIR; };
		79CC21A1D9FE0613E4C984A7 /* Pods_DesafioStoneUITests.framework */ = {isa = PBXFileReference; explicitFileType = wrapper.framework; includeInIndex = 0; path = Pods_DesafioStoneUITests.framework; sourceTree = BUILT_PRODUCTS_DIR; };
		8A38ECDB956DB7DE8E6B1ED5 /* Pods-DesafioStone.release.xcconfig */ = {isa = PBXFileReference; includeInIndex = 1; lastKnownFileType = text.xcconfig; name = "Pods-DesafioStone.release.xcconfig"; path = "Target Support Files/Pods-DesafioStone/Pods-DesafioStone.release.xcconfig"; sourceTree = "<group>"; };
		9B43203F86828599E16E9E4D /* Pods-DesafioStoneTests.debug.xcconfig */ = {isa = PBXFileReference; includeInIndex = 1; lastKnownFileType = text.xcconfig; name = "Pods-DesafioStoneTests.debug.xcconfig"; path = "Target Support Files/Pods-DesafioStoneTests/Pods-DesafioStoneTests.debug.xcconfig"; sourceTree = "<group>"; };
		9F5EB753DF8CA7A6F2A65AA9 /* Pods-DesafioStone.staging.xcconfig */ = {isa = PBXFileReference; includeInIndex = 1; lastKnownFileType = text.xcconfig; name = "Pods-DesafioStone.staging.xcconfig"; path = "Target Support Files/Pods-DesafioStone/Pods-DesafioStone.staging.xcconfig"; sourceTree = "<group>"; };
		B3FFCDF98D1C518CF8C3832B /* Pods-DesafioStone.debug.xcconfig */ = {isa = PBXFileReference; includeInIndex = 1; lastKnownFileType = text.xcconfig; name = "Pods-DesafioStone.debug.xcconfig"; path = "Target Support Files/Pods-DesafioStone/Pods-DesafioStone.debug.xcconfig"; sourceTree = "<group>"; };
		C047DBC55960BFFAE3EB807F /* Pods-DesafioStoneTests.staging.xcconfig */ = {isa = PBXFileReference; includeInIndex = 1; lastKnownFileType = text.xcconfig; name = "Pods-DesafioStoneTests.staging.xcconfig"; path = "Target Support Files/Pods-DesafioStoneTests/Pods-DesafioStoneTests.staging.xcconfig"; sourceTree = "<group>"; };
		C62339D2E2741A2F42DD315E /* Pods-DesafioStoneUITests.release.xcconfig */ = {isa = PBXFileReference; includeInIndex = 1; lastKnownFileType = text.xcconfig; name = "Pods-DesafioStoneUITests.release.xcconfig"; path = "Target Support Files/Pods-DesafioStoneUITests/Pods-DesafioStoneUITests.release.xcconfig"; sourceTree = "<group>"; };
		D7E3DA6132BE9EE1F934D475 /* Pods-DesafioStoneUITests.debug.xcconfig */ = {isa = PBXFileReference; includeInIndex = 1; lastKnownFileType = text.xcconfig; name = "Pods-DesafioStoneUITests.debug.xcconfig"; path = "Target Support Files/Pods-DesafioStoneUITests/Pods-DesafioStoneUITests.debug.xcconfig"; sourceTree = "<group>"; };
		D81EE68123904DA90000A214 /* ErrorFactCollectionViewCell.swift */ = {isa = PBXFileReference; lastKnownFileType = sourcecode.swift; path = ErrorFactCollectionViewCell.swift; sourceTree = "<group>"; };
		D81EE68623904E0D0000A214 /* EmptyFactCollectionViewCell.swift */ = {isa = PBXFileReference; lastKnownFileType = sourcecode.swift; path = EmptyFactCollectionViewCell.swift; sourceTree = "<group>"; };
		D81EE68723904E0D0000A214 /* EmptyFactCollectionViewCell.xib */ = {isa = PBXFileReference; lastKnownFileType = file.xib; path = EmptyFactCollectionViewCell.xib; sourceTree = "<group>"; };
		D823676023B0EB7400A31F5C /* SearchFactsViewModel.swift */ = {isa = PBXFileReference; lastKnownFileType = sourcecode.swift; path = SearchFactsViewModel.swift; sourceTree = "<group>"; };
		D823676323B0F17C00A31F5C /* SearchFactsViewModelTests.swift */ = {isa = PBXFileReference; lastKnownFileType = sourcecode.swift; path = SearchFactsViewModelTests.swift; sourceTree = "<group>"; };
		D8372A8B23B0F84400D1275A /* SearchFactsViewController.swift */ = {isa = PBXFileReference; lastKnownFileType = sourcecode.swift; path = SearchFactsViewController.swift; sourceTree = "<group>"; };
		D83C2B4223D7B361000EF513 /* BaseAPI.swift */ = {isa = PBXFileReference; lastKnownFileType = sourcecode.swift; path = BaseAPI.swift; sourceTree = "<group>"; };
		D87B2D2D23B1517600685E81 /* SuggestionFactsCollectionViewCell.swift */ = {isa = PBXFileReference; lastKnownFileType = sourcecode.swift; path = SuggestionFactsCollectionViewCell.swift; sourceTree = "<group>"; };
		D87B2D2F23B15AFB00685E81 /* UIColor+Hex.swift */ = {isa = PBXFileReference; lastKnownFileType = sourcecode.swift; path = "UIColor+Hex.swift"; sourceTree = "<group>"; };
		D87B2D3223B15DF200685E81 /* SuggestionView.swift */ = {isa = PBXFileReference; lastKnownFileType = sourcecode.swift; path = SuggestionView.swift; sourceTree = "<group>"; };
		D884C25223A40B6000CEE022 /* Scene+CustomTest.swift */ = {isa = PBXFileReference; lastKnownFileType = sourcecode.swift; path = "Scene+CustomTest.swift"; sourceTree = "<group>"; };
		D88DA5BE239171BA00458240 /* RxTest.framework */ = {isa = PBXFileReference; explicitFileType = wrapper.framework; path = RxTest.framework; sourceTree = BUILT_PRODUCTS_DIR; };
		D8C5E83F23D8C0BF00F837E4 /* DesafioStone.xcdatamodel */ = {isa = PBXFileReference; lastKnownFileType = wrapper.xcdatamodel; path = DesafioStone.xcdatamodel; sourceTree = "<group>"; };
		D8C5E84823D8C6FC00F837E4 /* CoreDataStack.swift */ = {isa = PBXFileReference; lastKnownFileType = sourcecode.swift; path = CoreDataStack.swift; sourceTree = "<group>"; };
		D8C5E84A23D8C98F00F837E4 /* LastSearchCoreDataType.swift */ = {isa = PBXFileReference; lastKnownFileType = sourcecode.swift; path = LastSearchCoreDataType.swift; sourceTree = "<group>"; };
		D8C5E84F23D8CA5D00F837E4 /* LastSearchCoreData.swift */ = {isa = PBXFileReference; lastKnownFileType = sourcecode.swift; path = LastSearchCoreData.swift; sourceTree = "<group>"; };
		D8D1155D23D3F4AD009EC3B6 /* PastSearchTableViewCell.swift */ = {isa = PBXFileReference; lastKnownFileType = sourcecode.swift; path = PastSearchTableViewCell.swift; sourceTree = "<group>"; };
		D8D388AF23CFCC18005E156A /* PastSearchesView.swift */ = {isa = PBXFileReference; lastKnownFileType = sourcecode.swift; path = PastSearchesView.swift; sourceTree = "<group>"; };
		D8DA49F8236B633F0061650C /* en */ = {isa = PBXFileReference; lastKnownFileType = text.plist.strings; name = en; path = en.lproj/Localizable.strings; sourceTree = "<group>"; };
		FD8C7AFABD5A144FD5A5EFF2 /* Pods-DesafioStoneUITests.staging.xcconfig */ = {isa = PBXFileReference; includeInIndex = 1; lastKnownFileType = text.xcconfig; name = "Pods-DesafioStoneUITests.staging.xcconfig"; path = "Target Support Files/Pods-DesafioStoneUITests/Pods-DesafioStoneUITests.staging.xcconfig"; sourceTree = "<group>"; };
/* End PBXFileReference section */

/* Begin PBXFrameworksBuildPhase section */
		2899C49B22E928D100D6191B /* Frameworks */ = {
			isa = PBXFrameworksBuildPhase;
			buildActionMask = 2147483647;
			files = (
				2CA5F4CE6D5A0CFD76E424E4 /* Pods_DesafioStone.framework in Frameworks */,
			);
			runOnlyForDeploymentPostprocessing = 0;
		};
		2899C4AF22E928D600D6191B /* Frameworks */ = {
			isa = PBXFrameworksBuildPhase;
			buildActionMask = 2147483647;
			files = (
				D88DA5BF239171BA00458240 /* RxTest.framework in Frameworks */,
				BA756740246C629722172C87 /* Pods_DesafioStoneTests.framework in Frameworks */,
			);
			runOnlyForDeploymentPostprocessing = 0;
		};
		2899C4BA22E928D700D6191B /* Frameworks */ = {
			isa = PBXFrameworksBuildPhase;
			buildActionMask = 2147483647;
			files = (
				68AAA0508483B85151454553 /* Pods_DesafioStoneUITests.framework in Frameworks */,
			);
			runOnlyForDeploymentPostprocessing = 0;
		};
/* End PBXFrameworksBuildPhase section */

/* Begin PBXGroup section */
		280615562390C10200B013F6 /* Mocks */ = {
			isa = PBXGroup;
			children = (
				280615572390C18D00B013F6 /* FactModelMockable.swift */,
			);
			path = Mocks;
			sourceTree = "<group>";
		};
		287F36F92392114400D8FC20 /* Stubs */ = {
			isa = PBXGroup;
			children = (
				287F36FA2392115600D8FC20 /* ChuckNorrisAPIStub.swift */,
				287F36FC2392128700D8FC20 /* CoordinatorStub.swift */,
			);
			path = Stubs;
			sourceTree = "<group>";
		};
		287F36FE239217A700D8FC20 /* Equatable */ = {
			isa = PBXGroup;
			children = (
				287F36FF239217B500D8FC20 /* Equatables.swift */,
			);
			path = Equatable;
			sourceTree = "<group>";
		};
		28913C6C23973AAF005473F2 /* fonts */ = {
			isa = PBXGroup;
			children = (
				28913C6D23973AC0005473F2 /* open-sans */,
			);
			path = fonts;
			sourceTree = "<group>";
		};
		28913C6D23973AC0005473F2 /* open-sans */ = {
			isa = PBXGroup;
			children = (
				28913C6E23973AC0005473F2 /* OpenSans-Semibold.ttf */,
				28913C6F23973AC0005473F2 /* OpenSans-Light.ttf */,
				28913C7023973AC0005473F2 /* OpenSans-Italic.ttf */,
				28913C7123973AC0005473F2 /* Apache License.txt */,
				28913C7223973AC0005473F2 /* OpenSans-ExtraBold.ttf */,
				28913C7323973AC0005473F2 /* OpenSans-LightItalic.ttf */,
				28913C7423973AC0005473F2 /* OpenSans-Bold.ttf */,
				28913C7523973AC0005473F2 /* OpenSans-SemiboldItalic.ttf */,
				28913C7623973AC0005473F2 /* OpenSans-ExtraBoldItalic.ttf */,
				28913C7723973AC0005473F2 /* OpenSans-Regular.ttf */,
				28913C7823973AC0005473F2 /* OpenSans-BoldItalic.ttf */,
			);
			path = "open-sans";
			sourceTree = "<group>";
		};
		28913C8F23974B0E005473F2 /* BaseCell */ = {
			isa = PBXGroup;
			children = (
				28913C9023974B20005473F2 /* BaseFactCell.swift */,
			);
			path = BaseCell;
			sourceTree = "<group>";
		};
		2899C49522E928D100D6191B = {
			isa = PBXGroup;
			children = (
				2899C52122E9556D00D6191B /* README.md */,
				2899C4A022E928D100D6191B /* DesafioStone */,
				2899C4B522E928D600D6191B /* DesafioStoneTests */,
				2899C4C022E928D700D6191B /* DesafioStoneUITests */,
				2899C49F22E928D100D6191B /* Products */,
				9E247355B904C706245516DE /* Pods */,
				9A1536972E006B85432FB449 /* Frameworks */,
			);
			sourceTree = "<group>";
		};
		2899C49F22E928D100D6191B /* Products */ = {
			isa = PBXGroup;
			children = (
				2899C49E22E928D100D6191B /* DesafioStone.app */,
				2899C4B222E928D600D6191B /* DesafioStoneTests.xctest */,
				2899C4BD22E928D700D6191B /* DesafioStoneUITests.xctest */,
			);
			name = Products;
			sourceTree = "<group>";
		};
		2899C4A022E928D100D6191B /* DesafioStone */ = {
			isa = PBXGroup;
			children = (
				2899C4D022E92AF600D6191B /* App */,
				2899C4CF22E92AE900D6191B /* SupportingFile */,
			);
			path = DesafioStone;
			sourceTree = "<group>";
		};
		2899C4B522E928D600D6191B /* DesafioStoneTests */ = {
			isa = PBXGroup;
			children = (
				D823676223B0F15D00A31F5C /* Tests */,
				D884C25123A40B5000CEE022 /* Helper */,
				287F36FE239217A700D8FC20 /* Equatable */,
				287F36F92392114400D8FC20 /* Stubs */,
				280615562390C10200B013F6 /* Mocks */,
				2899C4B822E928D600D6191B /* Info.plist */,
			);
			path = DesafioStoneTests;
			sourceTree = "<group>";
		};
		2899C4C022E928D700D6191B /* DesafioStoneUITests */ = {
			isa = PBXGroup;
			children = (
				2899C4C122E928D700D6191B /* DesafioStoneUITests.swift */,
				2899C4C322E928D700D6191B /* Info.plist */,
			);
			path = DesafioStoneUITests;
			sourceTree = "<group>";
		};
		2899C4CF22E92AE900D6191B /* SupportingFile */ = {
			isa = PBXGroup;
			children = (
				D8C5E83E23D8C0BF00F837E4 /* DesafioStone.xcdatamodeld */,
				28913C6C23973AAF005473F2 /* fonts */,
				2899C51322E9436A00D6191B /* Info.plist */,
				2899C4F222E9328C00D6191B /* InfoPlist.strings */,
				2899C4DB22E92CE900D6191B /* Internacionalization */,
				2899C4DA22E92CCB00D6191B /* Environment */,
				2899C4A822E928D600D6191B /* Assets.xcassets */,
				2899C51522E945CB00D6191B /* DesafioStone-Bridging-Header.h */,
			);
			path = SupportingFile;
			sourceTree = "<group>";
		};
		2899C4D022E92AF600D6191B /* App */ = {
			isa = PBXGroup;
			children = (
				2899C52422E956E000D6191B /* API */,
				2899C50122E93F1500D6191B /* Helpers */,
				2899C4D922E92C5D00D6191B /* Model */,
				2899C4D322E92B3E00D6191B /* Coordinator */,
				D8C5E84623D8C6CA00F837E4 /* CoreData */,
				2899C4D122E92B1700D6191B /* Scenes */,
				2899C4A122E928D100D6191B /* AppDelegate.swift */,
			);
			path = App;
			sourceTree = "<group>";
		};
		2899C4D122E92B1700D6191B /* Scenes */ = {
			isa = PBXGroup;
			children = (
				D81BBA0823A01BD1001D45A6 /* Launch */,
				D81BBA0523A01B60001D45A6 /* SearchScene */,
				2899C4D222E92B2D00D6191B /* FactScene */,
				287F370123922E9E00D8FC20 /* BindingViewModelType.swift */,
			);
			path = Scenes;
			sourceTree = "<group>";
		};
		2899C4D222E92B2D00D6191B /* FactScene */ = {
			isa = PBXGroup;
			children = (
				D8D1155723D3F248009EC3B6 /* ViewModel */,
				D8D1155623D3F21D009EC3B6 /* View */,
			);
			path = FactScene;
			sourceTree = "<group>";
		};
		2899C4D322E92B3E00D6191B /* Coordinator */ = {
			isa = PBXGroup;
			children = (
				2899C4D422E92B5D00D6191B /* Scene.swift */,
				2899C4D622E92BEA00D6191B /* SceneTransitionType.swift */,
				2899C4FB22E9386D00D6191B /* AppCoordinator.swift */,
				2899C4FD22E938B700D6191B /* CoordinatorType.swift */,
				2899C51D22E9514400D6191B /* BindableType.swift */,
			);
			path = Coordinator;
			sourceTree = "<group>";
		};
		2899C4D922E92C5D00D6191B /* Model */ = {
			isa = PBXGroup;
			children = (
				28A63D4322EB0AD1002A9186 /* CategoryModel.swift */,
				28A63D4522EB9E88002A9186 /* FactModel.swift */,
			);
			path = Model;
			sourceTree = "<group>";
		};
		2899C4DA22E92CCB00D6191B /* Environment */ = {
			isa = PBXGroup;
			children = (
				2899C4DC22E92D4F00D6191B /* Release.xcconfig */,
				2899C4F422E9369200D6191B /* Debug.xcconfig */,
				2899C4F622E936B200D6191B /* Staging.xcconfig */,
			);
			path = Environment;
			sourceTree = "<group>";
		};
		2899C4DB22E92CE900D6191B /* Internacionalization */ = {
			isa = PBXGroup;
			children = (
				287124B322EE85E700125BBD /* Localizable.strings */,
			);
			path = Internacionalization;
			sourceTree = "<group>";
		};
		2899C50122E93F1500D6191B /* Helpers */ = {
			isa = PBXGroup;
			children = (
				289CEB6622EAAC6200112AE0 /* URLSession+Rx.swift */,
				2899C50222E93F2700D6191B /* UIViewController+Custom.swift */,
				2899C51F22E9536200D6191B /* UINavigationController+Rx.swift */,
				2899C52522E95CE400D6191B /* AppConfiguration.swift */,
				289A8B5B22EE7DB3008C847C /* StringText.swift */,
				28913C8423973DB5005473F2 /* OpenSansFont.swift */,
				D87B2D2F23B15AFB00685E81 /* UIColor+Hex.swift */,
			);
			path = Helpers;
			sourceTree = "<group>";
		};
		2899C52422E956E000D6191B /* API */ = {
			isa = PBXGroup;
			children = (
				2899C52722E95DA000D6191B /* ChuckNorrisAPI.swift */,
				28A63D4722EBA1C0002A9186 /* ChuckNorrisAPIType.swift */,
				D83C2B4223D7B361000EF513 /* BaseAPI.swift */,
			);
			path = API;
			sourceTree = "<group>";
		};
		289CEB6122EA795000112AE0 /* FactCell */ = {
			isa = PBXGroup;
			children = (
				289CEB6222EA796C00112AE0 /* FactCollectionViewCell.swift */,
				289CEB6322EA796C00112AE0 /* FactCollectionViewCell.xib */,
			);
			path = FactCell;
			sourceTree = "<group>";
		};
		9A1536972E006B85432FB449 /* Frameworks */ = {
			isa = PBXGroup;
			children = (
				D88DA5BE239171BA00458240 /* RxTest.framework */,
				4C2157A60038E01ED127F2B3 /* Pods_DesafioStone.framework */,
				0548C102B9250839FE7DE9B5 /* Pods_DesafioStoneTests.framework */,
				79CC21A1D9FE0613E4C984A7 /* Pods_DesafioStoneUITests.framework */,
			);
			name = Frameworks;
			sourceTree = "<group>";
		};
		9E247355B904C706245516DE /* Pods */ = {
			isa = PBXGroup;
			children = (
				B3FFCDF98D1C518CF8C3832B /* Pods-DesafioStone.debug.xcconfig */,
				8A38ECDB956DB7DE8E6B1ED5 /* Pods-DesafioStone.release.xcconfig */,
				9B43203F86828599E16E9E4D /* Pods-DesafioStoneTests.debug.xcconfig */,
				2ABD987133942BF2F46EB16A /* Pods-DesafioStoneTests.release.xcconfig */,
				D7E3DA6132BE9EE1F934D475 /* Pods-DesafioStoneUITests.debug.xcconfig */,
				C62339D2E2741A2F42DD315E /* Pods-DesafioStoneUITests.release.xcconfig */,
				9F5EB753DF8CA7A6F2A65AA9 /* Pods-DesafioStone.staging.xcconfig */,
				C047DBC55960BFFAE3EB807F /* Pods-DesafioStoneTests.staging.xcconfig */,
				FD8C7AFABD5A144FD5A5EFF2 /* Pods-DesafioStoneUITests.staging.xcconfig */,
			);
			path = Pods;
			sourceTree = "<group>";
		};
		D81BBA0523A01B60001D45A6 /* SearchScene */ = {
			isa = PBXGroup;
			children = (
				D8D1155A23D3F419009EC3B6 /* ViewModel */,
				D8D1155923D3F414009EC3B6 /* View */,
			);
			path = SearchScene;
			sourceTree = "<group>";
		};
		D81BBA0723A01BA5001D45A6 /* Main */ = {
			isa = PBXGroup;
			children = (
				2899C51922E94D4B00D6191B /* FactsViewController.swift */,
				2899C51A22E94D4B00D6191B /* FactsViewController.xib */,
			);
			path = Main;
			sourceTree = "<group>";
		};
		D81BBA0823A01BD1001D45A6 /* Launch */ = {
			isa = PBXGroup;
			children = (
				2899C4AA22E928D600D6191B /* LaunchScreen.storyboard */,
			);
			path = Launch;
			sourceTree = "<group>";
		};
		D81EE68023904D510000A214 /* ErrorFactCell */ = {
			isa = PBXGroup;
			children = (
				D81EE68123904DA90000A214 /* ErrorFactCollectionViewCell.swift */,
				28913C8823974430005473F2 /* ErrorFactCollectionViewCell.xib */,
			);
			path = ErrorFactCell;
			sourceTree = "<group>";
		};
		D81EE68523904DF90000A214 /* EmptyFactCell */ = {
			isa = PBXGroup;
			children = (
				D81EE68623904E0D0000A214 /* EmptyFactCollectionViewCell.swift */,
				D81EE68723904E0D0000A214 /* EmptyFactCollectionViewCell.xib */,
			);
			path = EmptyFactCell;
			sourceTree = "<group>";
		};
		D823676223B0F15D00A31F5C /* Tests */ = {
			isa = PBXGroup;
			children = (
				2899C4B622E928D600D6191B /* FactCellViewModelTests.swift */,
				D823676323B0F17C00A31F5C /* SearchFactsViewModelTests.swift */,
			);
			path = Tests;
			sourceTree = "<group>";
		};
		D87B2D2C23B1512D00685E81 /* SuggestionFactsCell */ = {
			isa = PBXGroup;
			children = (
				D87B2D2D23B1517600685E81 /* SuggestionFactsCollectionViewCell.swift */,
			);
			path = SuggestionFactsCell;
			sourceTree = "<group>";
		};
		D87B2D3123B15DD900685E81 /* SuggestionView */ = {
			isa = PBXGroup;
			children = (
				D87B2D2C23B1512D00685E81 /* SuggestionFactsCell */,
				D87B2D3223B15DF200685E81 /* SuggestionView.swift */,
			);
			path = SuggestionView;
			sourceTree = "<group>";
		};
		D884C25123A40B5000CEE022 /* Helper */ = {
			isa = PBXGroup;
			children = (
				D884C25223A40B6000CEE022 /* Scene+CustomTest.swift */,
			);
			path = Helper;
			sourceTree = "<group>";
		};
		D8C5E84623D8C6CA00F837E4 /* CoreData */ = {
			isa = PBXGroup;
			children = (
				D8C5E84D23D8CA1A00F837E4 /* Persists */,
				D8C5E84723D8C6D800F837E4 /* Migrations */,
			);
			path = CoreData;
			sourceTree = "<group>";
		};
		D8C5E84723D8C6D800F837E4 /* Migrations */ = {
			isa = PBXGroup;
			children = (
				D8C5E84823D8C6FC00F837E4 /* CoreDataStack.swift */,
			);
			path = Migrations;
			sourceTree = "<group>";
		};
		D8C5E84D23D8CA1A00F837E4 /* Persists */ = {
			isa = PBXGroup;
			children = (
				D8C5E84E23D8CA3D00F837E4 /* LastSearch */,
			);
			path = Persists;
			sourceTree = "<group>";
		};
		D8C5E84E23D8CA3D00F837E4 /* LastSearch */ = {
			isa = PBXGroup;
			children = (
				D8C5E84A23D8C98F00F837E4 /* LastSearchCoreDataType.swift */,
				D8C5E84F23D8CA5D00F837E4 /* LastSearchCoreData.swift */,
			);
			path = LastSearch;
			sourceTree = "<group>";
		};
		D8D1155623D3F21D009EC3B6 /* View */ = {
			isa = PBXGroup;
			children = (
				D81BBA0723A01BA5001D45A6 /* Main */,
				28913C8F23974B0E005473F2 /* BaseCell */,
				289CEB6122EA795000112AE0 /* FactCell */,
				D81EE68523904DF90000A214 /* EmptyFactCell */,
				D81EE68023904D510000A214 /* ErrorFactCell */,
			);
			path = View;
			sourceTree = "<group>";
		};
		D8D1155723D3F248009EC3B6 /* ViewModel */ = {
			isa = PBXGroup;
			children = (
				D8D1155823D3F252009EC3B6 /* Main */,
			);
			path = ViewModel;
			sourceTree = "<group>";
		};
		D8D1155823D3F252009EC3B6 /* Main */ = {
			isa = PBXGroup;
			children = (
				2899C4FF22E93B9900D6191B /* FactsViewModel.swift */,
			);
			path = Main;
			sourceTree = "<group>";
		};
		D8D1155923D3F414009EC3B6 /* View */ = {
			isa = PBXGroup;
			children = (
				D8F1D7B723C7E3CF00430B7B /* Main */,
				D8F1D7B623C7E3A800430B7B /* PastSearchesView */,
				D87B2D3123B15DD900685E81 /* SuggestionView */,
			);
			path = View;
			sourceTree = "<group>";
		};
		D8D1155A23D3F419009EC3B6 /* ViewModel */ = {
			isa = PBXGroup;
			children = (
				D8D1155B23D3F422009EC3B6 /* Main */,
			);
			path = ViewModel;
			sourceTree = "<group>";
		};
		D8D1155B23D3F422009EC3B6 /* Main */ = {
			isa = PBXGroup;
			children = (
				D823676023B0EB7400A31F5C /* SearchFactsViewModel.swift */,
			);
			path = Main;
			sourceTree = "<group>";
		};
		D8D1155C23D3F474009EC3B6 /* PastSearchCell */ = {
			isa = PBXGroup;
			children = (
				D8D1155D23D3F4AD009EC3B6 /* PastSearchTableViewCell.swift */,
			);
			path = PastSearchCell;
			sourceTree = "<group>";
		};
		D8F1D7B623C7E3A800430B7B /* PastSearchesView */ = {
			isa = PBXGroup;
			children = (
				D8D1155C23D3F474009EC3B6 /* PastSearchCell */,
				D8D388AF23CFCC18005E156A /* PastSearchesView.swift */,
			);
			path = PastSearchesView;
			sourceTree = "<group>";
		};
		D8F1D7B723C7E3CF00430B7B /* Main */ = {
			isa = PBXGroup;
			children = (
				D8372A8B23B0F84400D1275A /* SearchFactsViewController.swift */,
			);
			path = Main;
			sourceTree = "<group>";
		};
/* End PBXGroup section */

/* Begin PBXNativeTarget section */
		2899C49D22E928D100D6191B /* DesafioStone */ = {
			isa = PBXNativeTarget;
			buildConfigurationList = 2899C4C622E928D700D6191B /* Build configuration list for PBXNativeTarget "DesafioStone" */;
			buildPhases = (
				94E86E0C46E34D228DC0C827 /* [CP] Check Pods Manifest.lock */,
				2899C49A22E928D100D6191B /* Sources */,
				2899C49B22E928D100D6191B /* Frameworks */,
				2899C49C22E928D100D6191B /* Resources */,
				E3A34388ED278429EBF61DAF /* [CP] Embed Pods Frameworks */,
			);
			buildRules = (
			);
			dependencies = (
			);
			name = DesafioStone;
			productName = DesafioStone;
			productReference = 2899C49E22E928D100D6191B /* DesafioStone.app */;
			productType = "com.apple.product-type.application";
		};
		2899C4B122E928D600D6191B /* DesafioStoneTests */ = {
			isa = PBXNativeTarget;
			buildConfigurationList = 2899C4C922E928D700D6191B /* Build configuration list for PBXNativeTarget "DesafioStoneTests" */;
			buildPhases = (
				5898461A34E6EF2769A2CDA4 /* [CP] Check Pods Manifest.lock */,
				2899C4AE22E928D600D6191B /* Sources */,
				2899C4AF22E928D600D6191B /* Frameworks */,
				2899C4B022E928D600D6191B /* Resources */,
				C7014255249145D5C766A3B7 /* [CP] Embed Pods Frameworks */,
			);
			buildRules = (
			);
			dependencies = (
				2899C4B422E928D600D6191B /* PBXTargetDependency */,
			);
			name = DesafioStoneTests;
			productName = DesafioStoneTests;
			productReference = 2899C4B222E928D600D6191B /* DesafioStoneTests.xctest */;
			productType = "com.apple.product-type.bundle.unit-test";
		};
		2899C4BC22E928D700D6191B /* DesafioStoneUITests */ = {
			isa = PBXNativeTarget;
			buildConfigurationList = 2899C4CC22E928D700D6191B /* Build configuration list for PBXNativeTarget "DesafioStoneUITests" */;
			buildPhases = (
				526334FB951AAD9A38D09D25 /* [CP] Check Pods Manifest.lock */,
				2899C4B922E928D700D6191B /* Sources */,
				2899C4BA22E928D700D6191B /* Frameworks */,
				2899C4BB22E928D700D6191B /* Resources */,
			);
			buildRules = (
			);
			dependencies = (
				2899C4BF22E928D700D6191B /* PBXTargetDependency */,
			);
			name = DesafioStoneUITests;
			productName = DesafioStoneUITests;
			productReference = 2899C4BD22E928D700D6191B /* DesafioStoneUITests.xctest */;
			productType = "com.apple.product-type.bundle.ui-testing";
		};
/* End PBXNativeTarget section */

/* Begin PBXProject section */
		2899C49622E928D100D6191B /* Project object */ = {
			isa = PBXProject;
			attributes = {
				LastSwiftUpdateCheck = 1020;
				LastUpgradeCheck = 1020;
				ORGANIZATIONNAME = "Marcos Felipe Souza";
				TargetAttributes = {
					2899C49D22E928D100D6191B = {
						CreatedOnToolsVersion = 10.2.1;
						LastSwiftMigration = 1020;
					};
					2899C4B122E928D600D6191B = {
						CreatedOnToolsVersion = 10.2.1;
						TestTargetID = 2899C49D22E928D100D6191B;
					};
					2899C4BC22E928D700D6191B = {
						CreatedOnToolsVersion = 10.2.1;
						TestTargetID = 2899C49D22E928D100D6191B;
					};
				};
			};
			buildConfigurationList = 2899C49922E928D100D6191B /* Build configuration list for PBXProject "DesafioStone" */;
			compatibilityVersion = "Xcode 9.3";
			developmentRegion = en;
			hasScannedForEncodings = 0;
			knownRegions = (
				en,
				Base,
				"pt-BR",
			);
			mainGroup = 2899C49522E928D100D6191B;
			productRefGroup = 2899C49F22E928D100D6191B /* Products */;
			projectDirPath = "";
			projectRoot = "";
			targets = (
				2899C49D22E928D100D6191B /* DesafioStone */,
				2899C4B122E928D600D6191B /* DesafioStoneTests */,
				2899C4BC22E928D700D6191B /* DesafioStoneUITests */,
			);
		};
/* End PBXProject section */

/* Begin PBXResourcesBuildPhase section */
		2899C49C22E928D100D6191B /* Resources */ = {
			isa = PBXResourcesBuildPhase;
			buildActionMask = 2147483647;
			files = (
				28913C7A23973AC0005473F2 /* OpenSans-Light.ttf in Resources */,
				28913C7923973AC0005473F2 /* OpenSans-Semibold.ttf in Resources */,
				2899C51C22E94D4B00D6191B /* FactsViewController.xib in Resources */,
				2899C4AC22E928D600D6191B /* LaunchScreen.storyboard in Resources */,
				D81EE68923904E0D0000A214 /* EmptyFactCollectionViewCell.xib in Resources */,
				2899C4F522E9369700D6191B /* Debug.xcconfig in Resources */,
				28913C8623974430005473F2 /* ErrorFactCollectionViewCell.xib in Resources */,
				28913C8123973AC0005473F2 /* OpenSans-ExtraBoldItalic.ttf in Resources */,
				28913C7C23973AC0005473F2 /* Apache License.txt in Resources */,
				28913C7E23973AC0005473F2 /* OpenSans-LightItalic.ttf in Resources */,
				28913C8223973AC0005473F2 /* OpenSans-Regular.ttf in Resources */,
				2899C4A922E928D600D6191B /* Assets.xcassets in Resources */,
				287124B122EE85E700125BBD /* Localizable.strings in Resources */,
				2899C4F722E936B200D6191B /* Staging.xcconfig in Resources */,
				28913C8323973AC0005473F2 /* OpenSans-BoldItalic.ttf in Resources */,
				28913C7D23973AC0005473F2 /* OpenSans-ExtraBold.ttf in Resources */,
				289CEB6522EA796C00112AE0 /* FactCollectionViewCell.xib in Resources */,
				28913C7F23973AC0005473F2 /* OpenSans-Bold.ttf in Resources */,
				2899C4DD22E92D4F00D6191B /* Release.xcconfig in Resources */,
				2899C4F022E9328C00D6191B /* InfoPlist.strings in Resources */,
				28913C8023973AC0005473F2 /* OpenSans-SemiboldItalic.ttf in Resources */,
				28913C7B23973AC0005473F2 /* OpenSans-Italic.ttf in Resources */,
			);
			runOnlyForDeploymentPostprocessing = 0;
		};
		2899C4B022E928D600D6191B /* Resources */ = {
			isa = PBXResourcesBuildPhase;
			buildActionMask = 2147483647;
			files = (
			);
			runOnlyForDeploymentPostprocessing = 0;
		};
		2899C4BB22E928D700D6191B /* Resources */ = {
			isa = PBXResourcesBuildPhase;
			buildActionMask = 2147483647;
			files = (
			);
			runOnlyForDeploymentPostprocessing = 0;
		};
/* End PBXResourcesBuildPhase section */

/* Begin PBXShellScriptBuildPhase section */
		526334FB951AAD9A38D09D25 /* [CP] Check Pods Manifest.lock */ = {
			isa = PBXShellScriptBuildPhase;
			buildActionMask = 2147483647;
			files = (
			);
			inputFileListPaths = (
			);
			inputPaths = (
				"${PODS_PODFILE_DIR_PATH}/Podfile.lock",
				"${PODS_ROOT}/Manifest.lock",
			);
			name = "[CP] Check Pods Manifest.lock";
			outputFileListPaths = (
			);
			outputPaths = (
				"$(DERIVED_FILE_DIR)/Pods-DesafioStoneUITests-checkManifestLockResult.txt",
			);
			runOnlyForDeploymentPostprocessing = 0;
			shellPath = /bin/sh;
			shellScript = "diff \"${PODS_PODFILE_DIR_PATH}/Podfile.lock\" \"${PODS_ROOT}/Manifest.lock\" > /dev/null\nif [ $? != 0 ] ; then\n    # print error to STDERR\n    echo \"error: The sandbox is not in sync with the Podfile.lock. Run 'pod install' or update your CocoaPods installation.\" >&2\n    exit 1\nfi\n# This output is used by Xcode 'outputs' to avoid re-running this script phase.\necho \"SUCCESS\" > \"${SCRIPT_OUTPUT_FILE_0}\"\n";
			showEnvVarsInLog = 0;
		};
		5898461A34E6EF2769A2CDA4 /* [CP] Check Pods Manifest.lock */ = {
			isa = PBXShellScriptBuildPhase;
			buildActionMask = 2147483647;
			files = (
			);
			inputFileListPaths = (
			);
			inputPaths = (
				"${PODS_PODFILE_DIR_PATH}/Podfile.lock",
				"${PODS_ROOT}/Manifest.lock",
			);
			name = "[CP] Check Pods Manifest.lock";
			outputFileListPaths = (
			);
			outputPaths = (
				"$(DERIVED_FILE_DIR)/Pods-DesafioStoneTests-checkManifestLockResult.txt",
			);
			runOnlyForDeploymentPostprocessing = 0;
			shellPath = /bin/sh;
			shellScript = "diff \"${PODS_PODFILE_DIR_PATH}/Podfile.lock\" \"${PODS_ROOT}/Manifest.lock\" > /dev/null\nif [ $? != 0 ] ; then\n    # print error to STDERR\n    echo \"error: The sandbox is not in sync with the Podfile.lock. Run 'pod install' or update your CocoaPods installation.\" >&2\n    exit 1\nfi\n# This output is used by Xcode 'outputs' to avoid re-running this script phase.\necho \"SUCCESS\" > \"${SCRIPT_OUTPUT_FILE_0}\"\n";
			showEnvVarsInLog = 0;
		};
		94E86E0C46E34D228DC0C827 /* [CP] Check Pods Manifest.lock */ = {
			isa = PBXShellScriptBuildPhase;
			buildActionMask = 2147483647;
			files = (
			);
			inputFileListPaths = (
			);
			inputPaths = (
				"${PODS_PODFILE_DIR_PATH}/Podfile.lock",
				"${PODS_ROOT}/Manifest.lock",
			);
			name = "[CP] Check Pods Manifest.lock";
			outputFileListPaths = (
			);
			outputPaths = (
				"$(DERIVED_FILE_DIR)/Pods-DesafioStone-checkManifestLockResult.txt",
			);
			runOnlyForDeploymentPostprocessing = 0;
			shellPath = /bin/sh;
			shellScript = "diff \"${PODS_PODFILE_DIR_PATH}/Podfile.lock\" \"${PODS_ROOT}/Manifest.lock\" > /dev/null\nif [ $? != 0 ] ; then\n    # print error to STDERR\n    echo \"error: The sandbox is not in sync with the Podfile.lock. Run 'pod install' or update your CocoaPods installation.\" >&2\n    exit 1\nfi\n# This output is used by Xcode 'outputs' to avoid re-running this script phase.\necho \"SUCCESS\" > \"${SCRIPT_OUTPUT_FILE_0}\"\n";
			showEnvVarsInLog = 0;
		};
		C7014255249145D5C766A3B7 /* [CP] Embed Pods Frameworks */ = {
			isa = PBXShellScriptBuildPhase;
			buildActionMask = 2147483647;
			files = (
			);
			inputFileListPaths = (
				"${PODS_ROOT}/Target Support Files/Pods-DesafioStoneTests/Pods-DesafioStoneTests-frameworks-${CONFIGURATION}-input-files.xcfilelist",
			);
			name = "[CP] Embed Pods Frameworks";
			outputFileListPaths = (
				"${PODS_ROOT}/Target Support Files/Pods-DesafioStoneTests/Pods-DesafioStoneTests-frameworks-${CONFIGURATION}-output-files.xcfilelist",
			);
			runOnlyForDeploymentPostprocessing = 0;
			shellPath = /bin/sh;
			shellScript = "\"${PODS_ROOT}/Target Support Files/Pods-DesafioStoneTests/Pods-DesafioStoneTests-frameworks.sh\"\n";
			showEnvVarsInLog = 0;
		};
		E3A34388ED278429EBF61DAF /* [CP] Embed Pods Frameworks */ = {
			isa = PBXShellScriptBuildPhase;
			buildActionMask = 2147483647;
			files = (
			);
			inputFileListPaths = (
				"${PODS_ROOT}/Target Support Files/Pods-DesafioStone/Pods-DesafioStone-frameworks-${CONFIGURATION}-input-files.xcfilelist",
			);
			name = "[CP] Embed Pods Frameworks";
			outputFileListPaths = (
				"${PODS_ROOT}/Target Support Files/Pods-DesafioStone/Pods-DesafioStone-frameworks-${CONFIGURATION}-output-files.xcfilelist",
			);
			runOnlyForDeploymentPostprocessing = 0;
			shellPath = /bin/sh;
			shellScript = "\"${PODS_ROOT}/Target Support Files/Pods-DesafioStone/Pods-DesafioStone-frameworks.sh\"\n";
			showEnvVarsInLog = 0;
		};
/* End PBXShellScriptBuildPhase section */

/* Begin PBXSourcesBuildPhase section */
		2899C49A22E928D100D6191B /* Sources */ = {
			isa = PBXSourcesBuildPhase;
			buildActionMask = 2147483647;
			files = (
				D8C5E84923D8C6FC00F837E4 /* CoreDataStack.swift in Sources */,
				2899C4A222E928D100D6191B /* AppDelegate.swift in Sources */,
				28A63D4622EB9E88002A9186 /* FactModel.swift in Sources */,
				289A8B5C22EE7DB3008C847C /* StringText.swift in Sources */,
				28913C8523973DB5005473F2 /* OpenSansFont.swift in Sources */,
				D81EE68323904DA90000A214 /* ErrorFactCollectionViewCell.swift in Sources */,
				2899C52022E9536200D6191B /* UINavigationController+Rx.swift in Sources */,
				D8D388B023CFCC18005E156A /* PastSearchesView.swift in Sources */,
				D8C5E85023D8CA5D00F837E4 /* LastSearchCoreData.swift in Sources */,
				D81EE68823904E0D0000A214 /* EmptyFactCollectionViewCell.swift in Sources */,
				D823676123B0EB7400A31F5C /* SearchFactsViewModel.swift in Sources */,
				289CEB6422EA796C00112AE0 /* FactCollectionViewCell.swift in Sources */,
				D87B2D2E23B1517600685E81 /* SuggestionFactsCollectionViewCell.swift in Sources */,
				2899C51E22E9514400D6191B /* BindableType.swift in Sources */,
				28A63D4822EBA1C0002A9186 /* ChuckNorrisAPIType.swift in Sources */,
				D8372A8C23B0F84400D1275A /* SearchFactsViewController.swift in Sources */,
				2899C4FE22E938B700D6191B /* CoordinatorType.swift in Sources */,
				D83C2B4323D7B361000EF513 /* BaseAPI.swift in Sources */,
				2899C50322E93F2700D6191B /* UIViewController+Custom.swift in Sources */,
				28A63D4422EB0AD1002A9186 /* CategoryModel.swift in Sources */,
				2899C52822E95DA000D6191B /* ChuckNorrisAPI.swift in Sources */,
				D87B2D3323B15DF200685E81 /* SuggestionView.swift in Sources */,
				2899C52622E95CE400D6191B /* AppConfiguration.swift in Sources */,
				D8C5E84023D8C0C000F837E4 /* DesafioStone.xcdatamodeld in Sources */,
				2899C4FC22E9386D00D6191B /* AppCoordinator.swift in Sources */,
				2899C4D522E92B5D00D6191B /* Scene.swift in Sources */,
				D8C5E84B23D8C98F00F837E4 /* LastSearchCoreDataType.swift in Sources */,
				D87B2D3023B15AFB00685E81 /* UIColor+Hex.swift in Sources */,
				289CEB6722EAAC6300112AE0 /* URLSession+Rx.swift in Sources */,
				287F370223922E9E00D8FC20 /* BindingViewModelType.swift in Sources */,
				2899C50022E93B9900D6191B /* FactsViewModel.swift in Sources */,
				2899C4D722E92BEA00D6191B /* SceneTransitionType.swift in Sources */,
				D8D1155E23D3F4AD009EC3B6 /* PastSearchTableViewCell.swift in Sources */,
				28913C9123974B20005473F2 /* BaseFactCell.swift in Sources */,
				2899C51B22E94D4B00D6191B /* FactsViewController.swift in Sources */,
			);
			runOnlyForDeploymentPostprocessing = 0;
		};
		2899C4AE22E928D600D6191B /* Sources */ = {
			isa = PBXSourcesBuildPhase;
			buildActionMask = 2147483647;
			files = (
				D823676423B0F17C00A31F5C /* SearchFactsViewModelTests.swift in Sources */,
				287F3700239217B500D8FC20 /* Equatables.swift in Sources */,
				2899C4B722E928D600D6191B /* FactCellViewModelTests.swift in Sources */,
				280615582390C18D00B013F6 /* FactModelMockable.swift in Sources */,
				287F36FD2392128700D8FC20 /* CoordinatorStub.swift in Sources */,
				287F36FB2392115600D8FC20 /* ChuckNorrisAPIStub.swift in Sources */,
				D884C25323A40B6000CEE022 /* Scene+CustomTest.swift in Sources */,
			);
			runOnlyForDeploymentPostprocessing = 0;
		};
		2899C4B922E928D700D6191B /* Sources */ = {
			isa = PBXSourcesBuildPhase;
			buildActionMask = 2147483647;
			files = (
				2899C4C222E928D700D6191B /* DesafioStoneUITests.swift in Sources */,
			);
			runOnlyForDeploymentPostprocessing = 0;
		};
/* End PBXSourcesBuildPhase section */

/* Begin PBXTargetDependency section */
		2899C4B422E928D600D6191B /* PBXTargetDependency */ = {
			isa = PBXTargetDependency;
			target = 2899C49D22E928D100D6191B /* DesafioStone */;
			targetProxy = 2899C4B322E928D600D6191B /* PBXContainerItemProxy */;
		};
		2899C4BF22E928D700D6191B /* PBXTargetDependency */ = {
			isa = PBXTargetDependency;
			target = 2899C49D22E928D100D6191B /* DesafioStone */;
			targetProxy = 2899C4BE22E928D700D6191B /* PBXContainerItemProxy */;
		};
/* End PBXTargetDependency section */

/* Begin PBXVariantGroup section */
		287124B322EE85E700125BBD /* Localizable.strings */ = {
			isa = PBXVariantGroup;
			children = (
				287124B422EE85E900125BBD /* pt-BR */,
				D8DA49F8236B633F0061650C /* en */,
			);
			name = Localizable.strings;
			sourceTree = "<group>";
		};
		28913C8823974430005473F2 /* ErrorFactCollectionViewCell.xib */ = {
			isa = PBXVariantGroup;
			children = (
				28913C8723974430005473F2 /* Base */,
				28913C8A23974437005473F2 /* en */,
				28913C8E23974469005473F2 /* pt-BR */,
			);
			name = ErrorFactCollectionViewCell.xib;
			sourceTree = "<group>";
		};
		2899C4AA22E928D600D6191B /* LaunchScreen.storyboard */ = {
			isa = PBXVariantGroup;
			children = (
				2899C4AB22E928D600D6191B /* Base */,
				2899C4E722E9318700D6191B /* pt-BR */,
			);
			name = LaunchScreen.storyboard;
			sourceTree = "<group>";
		};
		2899C4F222E9328C00D6191B /* InfoPlist.strings */ = {
			isa = PBXVariantGroup;
			children = (
				2899C4F122E9328C00D6191B /* en */,
				2899C4F322E9328E00D6191B /* pt-BR */,
			);
			name = InfoPlist.strings;
			sourceTree = "<group>";
		};
/* End PBXVariantGroup section */

/* Begin XCBuildConfiguration section */
		2899C4C422E928D700D6191B /* Debug */ = {
			isa = XCBuildConfiguration;
			baseConfigurationReference = 2899C4F422E9369200D6191B /* Debug.xcconfig */;
			buildSettings = {
				ALWAYS_EMBED_SWIFT_STANDARD_LIBRARIES = "$(inherited)";
				ALWAYS_SEARCH_USER_PATHS = NO;
				CLANG_ANALYZER_LOCALIZABILITY_NONLOCALIZED = YES;
				CLANG_ANALYZER_NONNULL = YES;
				CLANG_ANALYZER_NUMBER_OBJECT_CONVERSION = YES_AGGRESSIVE;
				CLANG_CXX_LANGUAGE_STANDARD = "gnu++14";
				CLANG_CXX_LIBRARY = "libc++";
				CLANG_ENABLE_MODULES = YES;
				CLANG_ENABLE_OBJC_ARC = YES;
				CLANG_ENABLE_OBJC_WEAK = YES;
				CLANG_WARN_BLOCK_CAPTURE_AUTORELEASING = YES;
				CLANG_WARN_BOOL_CONVERSION = YES;
				CLANG_WARN_COMMA = YES;
				CLANG_WARN_CONSTANT_CONVERSION = YES;
				CLANG_WARN_DEPRECATED_OBJC_IMPLEMENTATIONS = YES;
				CLANG_WARN_DIRECT_OBJC_ISA_USAGE = YES_ERROR;
				CLANG_WARN_DOCUMENTATION_COMMENTS = YES;
				CLANG_WARN_EMPTY_BODY = YES;
				CLANG_WARN_ENUM_CONVERSION = YES;
				CLANG_WARN_INFINITE_RECURSION = YES;
				CLANG_WARN_INT_CONVERSION = YES;
				CLANG_WARN_NON_LITERAL_NULL_CONVERSION = YES;
				CLANG_WARN_OBJC_IMPLICIT_RETAIN_SELF = YES;
				CLANG_WARN_OBJC_LITERAL_CONVERSION = YES;
				CLANG_WARN_OBJC_ROOT_CLASS = YES_ERROR;
				CLANG_WARN_RANGE_LOOP_ANALYSIS = YES;
				CLANG_WARN_STRICT_PROTOTYPES = YES;
				CLANG_WARN_SUSPICIOUS_MOVE = YES;
				CLANG_WARN_UNGUARDED_AVAILABILITY = YES_AGGRESSIVE;
				CLANG_WARN_UNREACHABLE_CODE = YES;
				CLANG_WARN__DUPLICATE_METHOD_MATCH = YES;
				CODE_SIGN_IDENTITY = "iPhone Developer";
				COPY_PHASE_STRIP = NO;
				DEBUG_INFORMATION_FORMAT = dwarf;
				ENABLE_STRICT_OBJC_MSGSEND = YES;
				ENABLE_TESTABILITY = YES;
				GCC_C_LANGUAGE_STANDARD = gnu11;
				GCC_DYNAMIC_NO_PIC = NO;
				GCC_NO_COMMON_BLOCKS = YES;
				GCC_OPTIMIZATION_LEVEL = 0;
				GCC_PREPROCESSOR_DEFINITIONS = (
					"DEBUG=1",
					"$(inherited)",
				);
				GCC_WARN_64_TO_32_BIT_CONVERSION = YES;
				GCC_WARN_ABOUT_RETURN_TYPE = YES_ERROR;
				GCC_WARN_UNDECLARED_SELECTOR = YES;
				GCC_WARN_UNINITIALIZED_AUTOS = YES_AGGRESSIVE;
				GCC_WARN_UNUSED_FUNCTION = YES;
				GCC_WARN_UNUSED_VARIABLE = YES;
				IPHONEOS_DEPLOYMENT_TARGET = 10.0;
				MTL_ENABLE_DEBUG_INFO = INCLUDE_SOURCE;
				MTL_FAST_MATH = YES;
				ONLY_ACTIVE_ARCH = YES;
				SDKROOT = iphoneos;
				SWIFT_ACTIVE_COMPILATION_CONDITIONS = DEBUG;
				SWIFT_OPTIMIZATION_LEVEL = "-Onone";
			};
			name = Debug;
		};
		2899C4C522E928D700D6191B /* Release */ = {
			isa = XCBuildConfiguration;
			baseConfigurationReference = 2899C4DC22E92D4F00D6191B /* Release.xcconfig */;
			buildSettings = {
				ALWAYS_EMBED_SWIFT_STANDARD_LIBRARIES = "$(inherited)";
				ALWAYS_SEARCH_USER_PATHS = NO;
				CLANG_ANALYZER_LOCALIZABILITY_NONLOCALIZED = YES;
				CLANG_ANALYZER_NONNULL = YES;
				CLANG_ANALYZER_NUMBER_OBJECT_CONVERSION = YES_AGGRESSIVE;
				CLANG_CXX_LANGUAGE_STANDARD = "gnu++14";
				CLANG_CXX_LIBRARY = "libc++";
				CLANG_ENABLE_MODULES = YES;
				CLANG_ENABLE_OBJC_ARC = YES;
				CLANG_ENABLE_OBJC_WEAK = YES;
				CLANG_WARN_BLOCK_CAPTURE_AUTORELEASING = YES;
				CLANG_WARN_BOOL_CONVERSION = YES;
				CLANG_WARN_COMMA = YES;
				CLANG_WARN_CONSTANT_CONVERSION = YES;
				CLANG_WARN_DEPRECATED_OBJC_IMPLEMENTATIONS = YES;
				CLANG_WARN_DIRECT_OBJC_ISA_USAGE = YES_ERROR;
				CLANG_WARN_DOCUMENTATION_COMMENTS = YES;
				CLANG_WARN_EMPTY_BODY = YES;
				CLANG_WARN_ENUM_CONVERSION = YES;
				CLANG_WARN_INFINITE_RECURSION = YES;
				CLANG_WARN_INT_CONVERSION = YES;
				CLANG_WARN_NON_LITERAL_NULL_CONVERSION = YES;
				CLANG_WARN_OBJC_IMPLICIT_RETAIN_SELF = YES;
				CLANG_WARN_OBJC_LITERAL_CONVERSION = YES;
				CLANG_WARN_OBJC_ROOT_CLASS = YES_ERROR;
				CLANG_WARN_RANGE_LOOP_ANALYSIS = YES;
				CLANG_WARN_STRICT_PROTOTYPES = YES;
				CLANG_WARN_SUSPICIOUS_MOVE = YES;
				CLANG_WARN_UNGUARDED_AVAILABILITY = YES_AGGRESSIVE;
				CLANG_WARN_UNREACHABLE_CODE = YES;
				CLANG_WARN__DUPLICATE_METHOD_MATCH = YES;
				CODE_SIGN_IDENTITY = "iPhone Developer";
				COPY_PHASE_STRIP = NO;
				DEBUG_INFORMATION_FORMAT = "dwarf-with-dsym";
				ENABLE_NS_ASSERTIONS = NO;
				ENABLE_STRICT_OBJC_MSGSEND = YES;
				GCC_C_LANGUAGE_STANDARD = gnu11;
				GCC_NO_COMMON_BLOCKS = YES;
				GCC_WARN_64_TO_32_BIT_CONVERSION = YES;
				GCC_WARN_ABOUT_RETURN_TYPE = YES_ERROR;
				GCC_WARN_UNDECLARED_SELECTOR = YES;
				GCC_WARN_UNINITIALIZED_AUTOS = YES_AGGRESSIVE;
				GCC_WARN_UNUSED_FUNCTION = YES;
				GCC_WARN_UNUSED_VARIABLE = YES;
				IPHONEOS_DEPLOYMENT_TARGET = 10.0;
				MTL_ENABLE_DEBUG_INFO = NO;
				MTL_FAST_MATH = YES;
				SDKROOT = iphoneos;
				SWIFT_COMPILATION_MODE = wholemodule;
				SWIFT_OPTIMIZATION_LEVEL = "-O";
				VALIDATE_PRODUCT = YES;
			};
			name = Release;
		};
		2899C4C722E928D700D6191B /* Debug */ = {
			isa = XCBuildConfiguration;
			baseConfigurationReference = B3FFCDF98D1C518CF8C3832B /* Pods-DesafioStone.debug.xcconfig */;
			buildSettings = {
				ALWAYS_EMBED_SWIFT_STANDARD_LIBRARIES = "$(inherited)";
				ASSETCATALOG_COMPILER_APPICON_NAME = "${IS_APP_ICON}";
				CLANG_ENABLE_MODULES = YES;
				CODE_SIGN_STYLE = Automatic;
				DEVELOPMENT_TEAM = V2686JM7D9;
				INFOPLIST_FILE = "$(SRCROOT)/DesafioStone/SupportingFile/Info.plist";
				IS_APP_VERSION = IS_APP_VERSION;
				LD_RUNPATH_SEARCH_PATHS = (
					"$(inherited)",
					"@executable_path/Frameworks",
				);
				PRODUCT_BUNDLE_IDENTIFIER = com.mfelipesp.DesafioStone;
				PRODUCT_NAME = "$(TARGET_NAME)";
				SWIFT_OBJC_BRIDGING_HEADER = "DesafioStone/SupportingFile/DesafioStone-Bridging-Header.h";
				SWIFT_OPTIMIZATION_LEVEL = "-Onone";
				SWIFT_VERSION = 4.0;
				TARGETED_DEVICE_FAMILY = 1;
			};
			name = Debug;
		};
		2899C4C822E928D700D6191B /* Release */ = {
			isa = XCBuildConfiguration;
			baseConfigurationReference = 8A38ECDB956DB7DE8E6B1ED5 /* Pods-DesafioStone.release.xcconfig */;
			buildSettings = {
				ALWAYS_EMBED_SWIFT_STANDARD_LIBRARIES = "$(inherited)";
				ASSETCATALOG_COMPILER_APPICON_NAME = "${IS_APP_ICON}";
				CLANG_ENABLE_MODULES = YES;
				CODE_SIGN_STYLE = Automatic;
				DEVELOPMENT_TEAM = V2686JM7D9;
				INFOPLIST_FILE = "$(SRCROOT)/DesafioStone/SupportingFile/Info.plist";
				IS_APP_VERSION = IS_APP_VERSION;
				LD_RUNPATH_SEARCH_PATHS = (
					"$(inherited)",
					"@executable_path/Frameworks",
				);
				PRODUCT_BUNDLE_IDENTIFIER = com.mfelipesp.DesafioStone;
				PRODUCT_NAME = "$(TARGET_NAME)";
				SWIFT_OBJC_BRIDGING_HEADER = "DesafioStone/SupportingFile/DesafioStone-Bridging-Header.h";
				SWIFT_VERSION = 4.0;
				TARGETED_DEVICE_FAMILY = 1;
			};
			name = Release;
		};
		2899C4CA22E928D700D6191B /* Debug */ = {
			isa = XCBuildConfiguration;
			baseConfigurationReference = 9B43203F86828599E16E9E4D /* Pods-DesafioStoneTests.debug.xcconfig */;
			buildSettings = {
				ALWAYS_EMBED_SWIFT_STANDARD_LIBRARIES = "$(inherited)";
				BUNDLE_LOADER = "$(TEST_HOST)";
				CODE_SIGN_STYLE = Automatic;
				DEVELOPMENT_TEAM = V2686JM7D9;
				INFOPLIST_FILE = DesafioStoneTests/Info.plist;
				LD_RUNPATH_SEARCH_PATHS = (
					"$(inherited)",
					"@executable_path/Frameworks",
					"@loader_path/Frameworks",
				);
				PRODUCT_BUNDLE_IDENTIFIER = com.mfelipesp.DesafioStoneTests;
				PRODUCT_NAME = "$(TARGET_NAME)";
				SWIFT_VERSION = 4.0;
				TARGETED_DEVICE_FAMILY = "1,2";
				TEST_HOST = "$(BUILT_PRODUCTS_DIR)/DesafioStone.app/DesafioStone";
			};
			name = Debug;
		};
		2899C4CB22E928D700D6191B /* Release */ = {
			isa = XCBuildConfiguration;
			baseConfigurationReference = 2ABD987133942BF2F46EB16A /* Pods-DesafioStoneTests.release.xcconfig */;
			buildSettings = {
				ALWAYS_EMBED_SWIFT_STANDARD_LIBRARIES = "$(inherited)";
				BUNDLE_LOADER = "$(TEST_HOST)";
				CODE_SIGN_STYLE = Automatic;
				DEVELOPMENT_TEAM = V2686JM7D9;
				INFOPLIST_FILE = DesafioStoneTests/Info.plist;
				LD_RUNPATH_SEARCH_PATHS = (
					"$(inherited)",
					"@executable_path/Frameworks",
					"@loader_path/Frameworks",
				);
				PRODUCT_BUNDLE_IDENTIFIER = com.mfelipesp.DesafioStoneTests;
				PRODUCT_NAME = "$(TARGET_NAME)";
				SWIFT_VERSION = 4.0;
				TARGETED_DEVICE_FAMILY = "1,2";
				TEST_HOST = "$(BUILT_PRODUCTS_DIR)/DesafioStone.app/DesafioStone";
			};
			name = Release;
		};
		2899C4CD22E928D700D6191B /* Debug */ = {
			isa = XCBuildConfiguration;
			baseConfigurationReference = D7E3DA6132BE9EE1F934D475 /* Pods-DesafioStoneUITests.debug.xcconfig */;
			buildSettings = {
				ALWAYS_EMBED_SWIFT_STANDARD_LIBRARIES = "$(inherited)";
				CODE_SIGN_STYLE = Automatic;
				DEVELOPMENT_TEAM = V2686JM7D9;
				INFOPLIST_FILE = DesafioStoneUITests/Info.plist;
				LD_RUNPATH_SEARCH_PATHS = (
					"$(inherited)",
					"@executable_path/Frameworks",
					"@loader_path/Frameworks",
				);
				PRODUCT_BUNDLE_IDENTIFIER = com.mfelipesp.DesafioStoneUITests;
				PRODUCT_NAME = "$(TARGET_NAME)";
				SWIFT_VERSION = 4.0;
				TARGETED_DEVICE_FAMILY = "1,2";
				TEST_TARGET_NAME = DesafioStone;
			};
			name = Debug;
		};
		2899C4CE22E928D700D6191B /* Release */ = {
			isa = XCBuildConfiguration;
			baseConfigurationReference = C62339D2E2741A2F42DD315E /* Pods-DesafioStoneUITests.release.xcconfig */;
			buildSettings = {
				ALWAYS_EMBED_SWIFT_STANDARD_LIBRARIES = "$(inherited)";
				CODE_SIGN_STYLE = Automatic;
				DEVELOPMENT_TEAM = V2686JM7D9;
				INFOPLIST_FILE = DesafioStoneUITests/Info.plist;
				LD_RUNPATH_SEARCH_PATHS = (
					"$(inherited)",
					"@executable_path/Frameworks",
					"@loader_path/Frameworks",
				);
				PRODUCT_BUNDLE_IDENTIFIER = com.mfelipesp.DesafioStoneUITests;
				PRODUCT_NAME = "$(TARGET_NAME)";
				SWIFT_VERSION = 4.0;
				TARGETED_DEVICE_FAMILY = "1,2";
				TEST_TARGET_NAME = DesafioStone;
			};
			name = Release;
		};
		2899C4DE22E92D8D00D6191B /* Staging */ = {
			isa = XCBuildConfiguration;
			baseConfigurationReference = 2899C4F622E936B200D6191B /* Staging.xcconfig */;
			buildSettings = {
				ALWAYS_EMBED_SWIFT_STANDARD_LIBRARIES = "$(inherited)";
				ALWAYS_SEARCH_USER_PATHS = NO;
				CLANG_ANALYZER_LOCALIZABILITY_NONLOCALIZED = YES;
				CLANG_ANALYZER_NONNULL = YES;
				CLANG_ANALYZER_NUMBER_OBJECT_CONVERSION = YES_AGGRESSIVE;
				CLANG_CXX_LANGUAGE_STANDARD = "gnu++14";
				CLANG_CXX_LIBRARY = "libc++";
				CLANG_ENABLE_MODULES = YES;
				CLANG_ENABLE_OBJC_ARC = YES;
				CLANG_ENABLE_OBJC_WEAK = YES;
				CLANG_WARN_BLOCK_CAPTURE_AUTORELEASING = YES;
				CLANG_WARN_BOOL_CONVERSION = YES;
				CLANG_WARN_COMMA = YES;
				CLANG_WARN_CONSTANT_CONVERSION = YES;
				CLANG_WARN_DEPRECATED_OBJC_IMPLEMENTATIONS = YES;
				CLANG_WARN_DIRECT_OBJC_ISA_USAGE = YES_ERROR;
				CLANG_WARN_DOCUMENTATION_COMMENTS = YES;
				CLANG_WARN_EMPTY_BODY = YES;
				CLANG_WARN_ENUM_CONVERSION = YES;
				CLANG_WARN_INFINITE_RECURSION = YES;
				CLANG_WARN_INT_CONVERSION = YES;
				CLANG_WARN_NON_LITERAL_NULL_CONVERSION = YES;
				CLANG_WARN_OBJC_IMPLICIT_RETAIN_SELF = YES;
				CLANG_WARN_OBJC_LITERAL_CONVERSION = YES;
				CLANG_WARN_OBJC_ROOT_CLASS = YES_ERROR;
				CLANG_WARN_RANGE_LOOP_ANALYSIS = YES;
				CLANG_WARN_STRICT_PROTOTYPES = YES;
				CLANG_WARN_SUSPICIOUS_MOVE = YES;
				CLANG_WARN_UNGUARDED_AVAILABILITY = YES_AGGRESSIVE;
				CLANG_WARN_UNREACHABLE_CODE = YES;
				CLANG_WARN__DUPLICATE_METHOD_MATCH = YES;
				CODE_SIGN_IDENTITY = "iPhone Developer";
				COPY_PHASE_STRIP = NO;
				DEBUG_INFORMATION_FORMAT = dwarf;
				ENABLE_STRICT_OBJC_MSGSEND = YES;
				ENABLE_TESTABILITY = YES;
				GCC_C_LANGUAGE_STANDARD = gnu11;
				GCC_DYNAMIC_NO_PIC = NO;
				GCC_NO_COMMON_BLOCKS = YES;
				GCC_OPTIMIZATION_LEVEL = 0;
				GCC_PREPROCESSOR_DEFINITIONS = (
					"DEBUG=1",
					"$(inherited)",
				);
				GCC_WARN_64_TO_32_BIT_CONVERSION = YES;
				GCC_WARN_ABOUT_RETURN_TYPE = YES_ERROR;
				GCC_WARN_UNDECLARED_SELECTOR = YES;
				GCC_WARN_UNINITIALIZED_AUTOS = YES_AGGRESSIVE;
				GCC_WARN_UNUSED_FUNCTION = YES;
				GCC_WARN_UNUSED_VARIABLE = YES;
				IPHONEOS_DEPLOYMENT_TARGET = 10.0;
				MTL_ENABLE_DEBUG_INFO = INCLUDE_SOURCE;
				MTL_FAST_MATH = YES;
				ONLY_ACTIVE_ARCH = YES;
				SDKROOT = iphoneos;
				SWIFT_ACTIVE_COMPILATION_CONDITIONS = DEBUG;
				SWIFT_OPTIMIZATION_LEVEL = "-Onone";
			};
			name = Staging;
		};
		2899C4DF22E92D8D00D6191B /* Staging */ = {
			isa = XCBuildConfiguration;
			baseConfigurationReference = 9F5EB753DF8CA7A6F2A65AA9 /* Pods-DesafioStone.staging.xcconfig */;
			buildSettings = {
				ALWAYS_EMBED_SWIFT_STANDARD_LIBRARIES = "$(inherited)";
				ASSETCATALOG_COMPILER_APPICON_NAME = "${IS_APP_ICON}";
				CLANG_ENABLE_MODULES = YES;
				CODE_SIGN_STYLE = Automatic;
				DEVELOPMENT_TEAM = V2686JM7D9;
				INFOPLIST_FILE = "$(SRCROOT)/DesafioStone/SupportingFile/Info.plist";
				IS_APP_VERSION = IS_APP_VERSION;
				LD_RUNPATH_SEARCH_PATHS = (
					"$(inherited)",
					"@executable_path/Frameworks",
				);
				PRODUCT_BUNDLE_IDENTIFIER = com.mfelipesp.DesafioStone;
				PRODUCT_NAME = "$(TARGET_NAME)";
				SWIFT_OBJC_BRIDGING_HEADER = "DesafioStone/SupportingFile/DesafioStone-Bridging-Header.h";
				SWIFT_OPTIMIZATION_LEVEL = "-Onone";
				SWIFT_VERSION = 4.0;
				TARGETED_DEVICE_FAMILY = 1;
			};
			name = Staging;
		};
		2899C4E022E92D8D00D6191B /* Staging */ = {
			isa = XCBuildConfiguration;
			baseConfigurationReference = C047DBC55960BFFAE3EB807F /* Pods-DesafioStoneTests.staging.xcconfig */;
			buildSettings = {
				ALWAYS_EMBED_SWIFT_STANDARD_LIBRARIES = "$(inherited)";
				BUNDLE_LOADER = "$(TEST_HOST)";
				CODE_SIGN_STYLE = Automatic;
				DEVELOPMENT_TEAM = V2686JM7D9;
				INFOPLIST_FILE = DesafioStoneTests/Info.plist;
				LD_RUNPATH_SEARCH_PATHS = (
					"$(inherited)",
					"@executable_path/Frameworks",
					"@loader_path/Frameworks",
				);
				PRODUCT_BUNDLE_IDENTIFIER = com.mfelipesp.DesafioStoneTests;
				PRODUCT_NAME = "$(TARGET_NAME)";
				SWIFT_VERSION = 4.0;
				TARGETED_DEVICE_FAMILY = "1,2";
				TEST_HOST = "$(BUILT_PRODUCTS_DIR)/DesafioStone.app/DesafioStone";
			};
			name = Staging;
		};
		2899C4E122E92D8D00D6191B /* Staging */ = {
			isa = XCBuildConfiguration;
			baseConfigurationReference = FD8C7AFABD5A144FD5A5EFF2 /* Pods-DesafioStoneUITests.staging.xcconfig */;
			buildSettings = {
				ALWAYS_EMBED_SWIFT_STANDARD_LIBRARIES = "$(inherited)";
				CODE_SIGN_STYLE = Automatic;
				DEVELOPMENT_TEAM = V2686JM7D9;
				INFOPLIST_FILE = DesafioStoneUITests/Info.plist;
				LD_RUNPATH_SEARCH_PATHS = (
					"$(inherited)",
					"@executable_path/Frameworks",
					"@loader_path/Frameworks",
				);
				PRODUCT_BUNDLE_IDENTIFIER = com.mfelipesp.DesafioStoneUITests;
				PRODUCT_NAME = "$(TARGET_NAME)";
				SWIFT_VERSION = 4.0;
				TARGETED_DEVICE_FAMILY = "1,2";
				TEST_TARGET_NAME = DesafioStone;
			};
			name = Staging;
		};
/* End XCBuildConfiguration section */

/* Begin XCConfigurationList section */
		2899C49922E928D100D6191B /* Build configuration list for PBXProject "DesafioStone" */ = {
			isa = XCConfigurationList;
			buildConfigurations = (
				2899C4C422E928D700D6191B /* Debug */,
				2899C4DE22E92D8D00D6191B /* Staging */,
				2899C4C522E928D700D6191B /* Release */,
			);
			defaultConfigurationIsVisible = 0;
			defaultConfigurationName = Release;
		};
		2899C4C622E928D700D6191B /* Build configuration list for PBXNativeTarget "DesafioStone" */ = {
			isa = XCConfigurationList;
			buildConfigurations = (
				2899C4C722E928D700D6191B /* Debug */,
				2899C4DF22E92D8D00D6191B /* Staging */,
				2899C4C822E928D700D6191B /* Release */,
			);
			defaultConfigurationIsVisible = 0;
			defaultConfigurationName = Release;
		};
		2899C4C922E928D700D6191B /* Build configuration list for PBXNativeTarget "DesafioStoneTests" */ = {
			isa = XCConfigurationList;
			buildConfigurations = (
				2899C4CA22E928D700D6191B /* Debug */,
				2899C4E022E92D8D00D6191B /* Staging */,
				2899C4CB22E928D700D6191B /* Release */,
			);
			defaultConfigurationIsVisible = 0;
			defaultConfigurationName = Release;
		};
		2899C4CC22E928D700D6191B /* Build configuration list for PBXNativeTarget "DesafioStoneUITests" */ = {
			isa = XCConfigurationList;
			buildConfigurations = (
				2899C4CD22E928D700D6191B /* Debug */,
				2899C4E122E92D8D00D6191B /* Staging */,
				2899C4CE22E928D700D6191B /* Release */,
			);
			defaultConfigurationIsVisible = 0;
			defaultConfigurationName = Release;
		};
/* End XCConfigurationList section */

/* Begin XCVersionGroup section */
		D8C5E83E23D8C0BF00F837E4 /* DesafioStone.xcdatamodeld */ = {
			isa = XCVersionGroup;
			children = (
				D8C5E83F23D8C0BF00F837E4 /* DesafioStone.xcdatamodel */,
			);
			currentVersion = D8C5E83F23D8C0BF00F837E4 /* DesafioStone.xcdatamodel */;
			path = DesafioStone.xcdatamodeld;
			sourceTree = "<group>";
			versionGroupType = wrapper.xcdatamodel;
		};
/* End XCVersionGroup section */
	};
	rootObject = 2899C49622E928D100D6191B /* Project object */;
}
